
Microsoft Visual Studio Solution File, Format Version 12.00
# Visual Studio 15
VisualStudioVersion = 15.0.27428.2037
MinimumVisualStudioVersion = 10.0.40219.1
Project("{FAE04EC0-301F-11D3-BF4B-00C04F79EFBC}") = "RightsU_Plus", "RightsU_Plus\RightsU_Plus.csproj", "{E1B80BDF-DF31-49F5-A36A-BD3DA993EC16}"
EndProject
Project("{FAE04EC0-301F-11D3-BF4B-00C04F79EFBC}") = "RightsU_BLL", "RightsU_BLL\RightsU_BLL.csproj", "{35FC46DB-C44A-4E6C-8D65-AB90DA768194}"
EndProject
Project("{2150E333-8FDC-42A3-9474-1A3956D46DE8}") = ".nuget", ".nuget", "{02CCF4A9-8741-4646-B51D-4D75856A5CB3}"
	ProjectSection(SolutionItems) = preProject
		.nuget\NuGet.Config = .nuget\NuGet.Config
		.nuget\NuGet.exe = .nuget\NuGet.exe
		.nuget\NuGet.targets = .nuget\NuGet.targets
	EndProjectSection
EndProject
Project("{FAE04EC0-301F-11D3-BF4B-00C04F79EFBC}") = "RightsU_DAL", "RightsU_DAL\RightsU_DAL.csproj", "{BAB2D32B-0C2F-4848-A3F4-A78DB9E5691A}"
EndProject
Project("{FAE04EC0-301F-11D3-BF4B-00C04F79EFBC}") = "RightsU_Entities", "RightsU_Entities\RightsU_Entities.csproj", "{D8A4885D-9A36-4724-B464-6CB122E081F7}"
EndProject
Project("{FAE04EC0-301F-11D3-BF4B-00C04F79EFBC}") = "RightsU_Framework", "RightsU_Framework\RightsU_Framework.csproj", "{B25AF540-BFA8-4CCE-8219-3494116AE501}"
EndProject
Project("{FAE04EC0-301F-11D3-BF4B-00C04F79EFBC}") = "RightsU_InterimDb", "RightsU_InterimDb\RightsU_InterimDb.csproj", "{C4C193D1-A15A-4B1D-9AFF-727FCAD2971B}"
EndProject
Project("{F14B399A-7131-4C87-9E4B-1186C45EF12D}") = "RightsU_Plus_Reports", "RightsU_Plus_Reports\RightsU_Plus_Reports.rptproj", "{9B1E7A5F-62FD-4460-B688-91D093484D77}"
EndProject
Project("{159641D6-6404-4A2A-AE62-294DE0FE8301}") = "RightsU_Plus_SSIS", "RightsU_Plus_SSIS\RightsU_Plus_SSIS.dtproj", "{22F41207-555C-438C-8384-F5161E642A7A}"
EndProject
Project("{FAE04EC0-301F-11D3-BF4B-00C04F79EFBC}") = "RightsU_WebService", "RightsU_WebService\RightsU_WebService.csproj", "{9BCE75AB-985C-4AE1-9857-D617F8BA5E56}"
EndProject
Project("{FAE04EC0-301F-11D3-BF4B-00C04F79EFBC}") = "RightsUMQService", "MQMessengerService\RightsUMQService.csproj", "{D2456833-EA91-450D-B038-6BE4B72EF784}"
EndProject
Project("{FAE04EC0-301F-11D3-BF4B-00C04F79EFBC}") = "RightsUMQService_Customer", "RightsUMQService_Customer\RightsUMQService_Customer.csproj", "{F2D41EB8-BA35-45C7-8EEB-C2A1FBA9DA15}"
EndProject
Project("{FAE04EC0-301F-11D3-BF4B-00C04F79EFBC}") = "RightsU_SchedulerService", "RightsU_SchedulerService\RightsU_SchedulerService.csproj", "{62F44E7A-2819-483D-A3E8-0118EF964894}"
EndProject
Project("{FAE04EC0-301F-11D3-BF4B-00C04F79EFBC}") = "RightsU_Health_Checkup", "RightsU_Health_Checkup\RightsU_Health_Checkup.csproj", "{8A42ADDD-8403-4381-9E68-5E106D1E62EE}"
EndProject
Project("{2150E333-8FDC-42A3-9474-1A3956D46DE8}") = "RU.EF", "RU.EF", "{BFF5C1B4-60B5-4FF2-ACC3-FA966FFEA3DF}"
EndProject
Project("{2150E333-8FDC-42A3-9474-1A3956D46DE8}") = "RU.REPORTS", "RU.REPORTS", "{D70412D6-13FF-49F7-83A1-A96C3F78F450}"
EndProject
Project("{2150E333-8FDC-42A3-9474-1A3956D46DE8}") = "RU.WEB", "RU.WEB", "{088926AF-4C18-41A0-956D-3EF8C78DC51B}"
EndProject
Project("{2150E333-8FDC-42A3-9474-1A3956D46DE8}") = "RU.SSIS", "RU.SSIS", "{99C45FBB-D6D1-444D-8157-CC2EC7E4FB61}"
EndProject
Project("{2150E333-8FDC-42A3-9474-1A3956D46DE8}") = "RU.WEBService", "RU.WEBService", "{3A4FA744-BA81-4E53-A0F0-224ED0F740C0}"
EndProject
Project("{2150E333-8FDC-42A3-9474-1A3956D46DE8}") = "RU.WINService", "RU.WINService", "{0D8044EB-6091-4340-BF52-2A09948A016C}"
EndProject
Project("{2150E333-8FDC-42A3-9474-1A3956D46DE8}") = "RU.UTO.Framework", "RU.UTO.Framework", "{98D68667-B3A4-478E-9306-2712C9F20B80}"
EndProject
Project("{2150E333-8FDC-42A3-9474-1A3956D46DE8}") = "RU.DB", "RU.DB", "{52ABA16E-FB92-4059-92CF-7C74C213289B}"
EndProject
Project("{00D1A9C2-B5F0-4AF3-8072-F6C62B433612}") = "RightsU_DB", "RightsU_DB\RightsU_DB.sqlproj", "{4AEB5BD9-7B31-4476-BBDE-B6FBD691F448}"
EndProject
Project("{2150E333-8FDC-42A3-9474-1A3956D46DE8}") = "RU.MUSICHUB", "RU.MUSICHUB", "{93ACE13F-B5BD-4D37-99CC-191FB32AE92A}"
EndProject
Project("{FAE04EC0-301F-11D3-BF4B-00C04F79EFBC}") = "RightsUMusic.API", "RightsUMusic.API\RightsUMusic.API.csproj", "{4159637A-E33C-481E-BA7C-8C6B37CE77CF}"
EndProject
Project("{FAE04EC0-301F-11D3-BF4B-00C04F79EFBC}") = "RightsUMusic.BLL", "RightsUMusic.BLL\RightsUMusic.BLL.csproj", "{040467EA-09FB-4A57-BC4A-341E0109C4B0}"
EndProject
Project("{FAE04EC0-301F-11D3-BF4B-00C04F79EFBC}") = "RightsUMusic.DAL", "RightsUMusic.DAL\RightsUMusic.DAL.csproj", "{F612FBDD-E4BA-4A12-B07B-00DD499CD4D0}"
EndProject
Project("{FAE04EC0-301F-11D3-BF4B-00C04F79EFBC}") = "RightsUMusic.Entity", "RightsUMusic.Entity\RightsUMusic.Entity.csproj", "{4A2B21F7-ADBD-414E-AE13-F69396EC8991}"
EndProject
Project("{FAE04EC0-301F-11D3-BF4B-00C04F79EFBC}") = "RightsUMusic.OAuth", "RightsUMusic.OAuth\RightsUMusic.OAuth.csproj", "{D0B9E871-D396-4DF5-BC40-7F53C727D606}"
EndProject
Project("{FAE04EC0-301F-11D3-BF4B-00C04F79EFBC}") = "RightsUMusicHub.UI_Prod", "RightsUMusicHub.UI_Prod\RightsUMusicHub.UI_Prod.csproj", "{5E196E82-969D-41CD-B9EB-A45235F3C583}"
EndProject
Global
	GlobalSection(SolutionConfigurationPlatforms) = preSolution
		Debug|Any CPU = Debug|Any CPU
		Debug|x64 = Debug|x64
		Debug|x86 = Debug|x86
		DebugLocal|Any CPU = DebugLocal|Any CPU
		DebugLocal|x64 = DebugLocal|x64
		DebugLocal|x86 = DebugLocal|x86
		Development|Any CPU = Development|Any CPU
		Development|x64 = Development|x64
		Development|x86 = Development|x86
		Release|Any CPU = Release|Any CPU
		Release|x64 = Release|x64
		Release|x86 = Release|x86
	EndGlobalSection
	GlobalSection(ProjectConfigurationPlatforms) = postSolution
		{E1B80BDF-DF31-49F5-A36A-BD3DA993EC16}.Debug|Any CPU.ActiveCfg = Debug|Any CPU
		{E1B80BDF-DF31-49F5-A36A-BD3DA993EC16}.Debug|Any CPU.Build.0 = Debug|Any CPU
		{E1B80BDF-DF31-49F5-A36A-BD3DA993EC16}.Debug|x64.ActiveCfg = Debug|x64
		{E1B80BDF-DF31-49F5-A36A-BD3DA993EC16}.Debug|x64.Build.0 = Debug|x64
		{E1B80BDF-DF31-49F5-A36A-BD3DA993EC16}.Debug|x86.ActiveCfg = Debug|Any CPU
		{E1B80BDF-DF31-49F5-A36A-BD3DA993EC16}.Debug|x86.Build.0 = Debug|Any CPU
		{E1B80BDF-DF31-49F5-A36A-BD3DA993EC16}.DebugLocal|Any CPU.ActiveCfg = Debug|Any CPU
		{E1B80BDF-DF31-49F5-A36A-BD3DA993EC16}.DebugLocal|Any CPU.Build.0 = Debug|Any CPU
		{E1B80BDF-DF31-49F5-A36A-BD3DA993EC16}.DebugLocal|x64.ActiveCfg = Debug|x64
		{E1B80BDF-DF31-49F5-A36A-BD3DA993EC16}.DebugLocal|x64.Build.0 = Debug|x64
		{E1B80BDF-DF31-49F5-A36A-BD3DA993EC16}.DebugLocal|x86.ActiveCfg = Debug|x86
		{E1B80BDF-DF31-49F5-A36A-BD3DA993EC16}.DebugLocal|x86.Build.0 = Debug|x86
		{E1B80BDF-DF31-49F5-A36A-BD3DA993EC16}.Development|Any CPU.ActiveCfg = Debug|Any CPU
		{E1B80BDF-DF31-49F5-A36A-BD3DA993EC16}.Development|Any CPU.Build.0 = Debug|Any CPU
		{E1B80BDF-DF31-49F5-A36A-BD3DA993EC16}.Development|x64.ActiveCfg = Debug|x64
		{E1B80BDF-DF31-49F5-A36A-BD3DA993EC16}.Development|x64.Build.0 = Debug|x64
		{E1B80BDF-DF31-49F5-A36A-BD3DA993EC16}.Development|x86.ActiveCfg = Debug|x86
		{E1B80BDF-DF31-49F5-A36A-BD3DA993EC16}.Development|x86.Build.0 = Debug|x86
		{E1B80BDF-DF31-49F5-A36A-BD3DA993EC16}.Release|Any CPU.ActiveCfg = Debug|Any CPU
		{E1B80BDF-DF31-49F5-A36A-BD3DA993EC16}.Release|Any CPU.Build.0 = Debug|Any CPU
		{E1B80BDF-DF31-49F5-A36A-BD3DA993EC16}.Release|x64.ActiveCfg = Release|x64
		{E1B80BDF-DF31-49F5-A36A-BD3DA993EC16}.Release|x64.Build.0 = Release|x64
		{E1B80BDF-DF31-49F5-A36A-BD3DA993EC16}.Release|x86.ActiveCfg = Release|Any CPU
		{35FC46DB-C44A-4E6C-8D65-AB90DA768194}.Debug|Any CPU.ActiveCfg = Debug|Any CPU
		{35FC46DB-C44A-4E6C-8D65-AB90DA768194}.Debug|Any CPU.Build.0 = Debug|Any CPU
		{35FC46DB-C44A-4E6C-8D65-AB90DA768194}.Debug|x64.ActiveCfg = Debug|Any CPU
		{35FC46DB-C44A-4E6C-8D65-AB90DA768194}.Debug|x64.Build.0 = Debug|Any CPU
		{35FC46DB-C44A-4E6C-8D65-AB90DA768194}.Debug|x86.ActiveCfg = Debug|Any CPU
		{35FC46DB-C44A-4E6C-8D65-AB90DA768194}.Debug|x86.Build.0 = Debug|Any CPU
		{35FC46DB-C44A-4E6C-8D65-AB90DA768194}.DebugLocal|Any CPU.ActiveCfg = Debug|Any CPU
		{35FC46DB-C44A-4E6C-8D65-AB90DA768194}.DebugLocal|Any CPU.Build.0 = Debug|Any CPU
		{35FC46DB-C44A-4E6C-8D65-AB90DA768194}.DebugLocal|x64.ActiveCfg = Debug|Any CPU
		{35FC46DB-C44A-4E6C-8D65-AB90DA768194}.DebugLocal|x64.Build.0 = Debug|Any CPU
		{35FC46DB-C44A-4E6C-8D65-AB90DA768194}.DebugLocal|x86.ActiveCfg = Debug|Any CPU
		{35FC46DB-C44A-4E6C-8D65-AB90DA768194}.DebugLocal|x86.Build.0 = Debug|Any CPU
		{35FC46DB-C44A-4E6C-8D65-AB90DA768194}.Development|Any CPU.ActiveCfg = Debug|Any CPU
		{35FC46DB-C44A-4E6C-8D65-AB90DA768194}.Development|Any CPU.Build.0 = Debug|Any CPU
		{35FC46DB-C44A-4E6C-8D65-AB90DA768194}.Development|x64.ActiveCfg = Debug|Any CPU
		{35FC46DB-C44A-4E6C-8D65-AB90DA768194}.Development|x64.Build.0 = Debug|Any CPU
		{35FC46DB-C44A-4E6C-8D65-AB90DA768194}.Development|x86.ActiveCfg = Debug|Any CPU
		{35FC46DB-C44A-4E6C-8D65-AB90DA768194}.Release|Any CPU.ActiveCfg = Debug|Any CPU
		{35FC46DB-C44A-4E6C-8D65-AB90DA768194}.Release|Any CPU.Build.0 = Debug|Any CPU
		{35FC46DB-C44A-4E6C-8D65-AB90DA768194}.Release|x64.ActiveCfg = Release|Any CPU
		{35FC46DB-C44A-4E6C-8D65-AB90DA768194}.Release|x64.Build.0 = Release|Any CPU
		{35FC46DB-C44A-4E6C-8D65-AB90DA768194}.Release|x86.ActiveCfg = Release|Any CPU
		{BAB2D32B-0C2F-4848-A3F4-A78DB9E5691A}.Debug|Any CPU.ActiveCfg = Debug|Any CPU
		{BAB2D32B-0C2F-4848-A3F4-A78DB9E5691A}.Debug|Any CPU.Build.0 = Debug|Any CPU
		{BAB2D32B-0C2F-4848-A3F4-A78DB9E5691A}.Debug|x64.ActiveCfg = Debug|Any CPU
		{BAB2D32B-0C2F-4848-A3F4-A78DB9E5691A}.Debug|x64.Build.0 = Debug|Any CPU
		{BAB2D32B-0C2F-4848-A3F4-A78DB9E5691A}.Debug|x86.ActiveCfg = Debug|Any CPU
		{BAB2D32B-0C2F-4848-A3F4-A78DB9E5691A}.Debug|x86.Build.0 = Debug|Any CPU
		{BAB2D32B-0C2F-4848-A3F4-A78DB9E5691A}.DebugLocal|Any CPU.ActiveCfg = Debug|Any CPU
		{BAB2D32B-0C2F-4848-A3F4-A78DB9E5691A}.DebugLocal|Any CPU.Build.0 = Debug|Any CPU
		{BAB2D32B-0C2F-4848-A3F4-A78DB9E5691A}.DebugLocal|x64.ActiveCfg = Debug|Any CPU
		{BAB2D32B-0C2F-4848-A3F4-A78DB9E5691A}.DebugLocal|x64.Build.0 = Debug|Any CPU
		{BAB2D32B-0C2F-4848-A3F4-A78DB9E5691A}.DebugLocal|x86.ActiveCfg = Debug|Any CPU
		{BAB2D32B-0C2F-4848-A3F4-A78DB9E5691A}.DebugLocal|x86.Build.0 = Debug|Any CPU
		{BAB2D32B-0C2F-4848-A3F4-A78DB9E5691A}.Development|Any CPU.ActiveCfg = Debug|Any CPU
		{BAB2D32B-0C2F-4848-A3F4-A78DB9E5691A}.Development|Any CPU.Build.0 = Debug|Any CPU
		{BAB2D32B-0C2F-4848-A3F4-A78DB9E5691A}.Development|x64.ActiveCfg = Debug|Any CPU
		{BAB2D32B-0C2F-4848-A3F4-A78DB9E5691A}.Development|x64.Build.0 = Debug|Any CPU
		{BAB2D32B-0C2F-4848-A3F4-A78DB9E5691A}.Development|x86.ActiveCfg = Debug|Any CPU
		{BAB2D32B-0C2F-4848-A3F4-A78DB9E5691A}.Release|Any CPU.ActiveCfg = Debug|Any CPU
		{BAB2D32B-0C2F-4848-A3F4-A78DB9E5691A}.Release|Any CPU.Build.0 = Debug|Any CPU
		{BAB2D32B-0C2F-4848-A3F4-A78DB9E5691A}.Release|x64.ActiveCfg = Release|Any CPU
		{BAB2D32B-0C2F-4848-A3F4-A78DB9E5691A}.Release|x64.Build.0 = Release|Any CPU
		{BAB2D32B-0C2F-4848-A3F4-A78DB9E5691A}.Release|x86.ActiveCfg = Release|Any CPU
		{D8A4885D-9A36-4724-B464-6CB122E081F7}.Debug|Any CPU.ActiveCfg = Debug|Any CPU
		{D8A4885D-9A36-4724-B464-6CB122E081F7}.Debug|Any CPU.Build.0 = Debug|Any CPU
		{D8A4885D-9A36-4724-B464-6CB122E081F7}.Debug|x64.ActiveCfg = Debug|Any CPU
		{D8A4885D-9A36-4724-B464-6CB122E081F7}.Debug|x64.Build.0 = Debug|Any CPU
		{D8A4885D-9A36-4724-B464-6CB122E081F7}.Debug|x86.ActiveCfg = Debug|Any CPU
		{D8A4885D-9A36-4724-B464-6CB122E081F7}.Debug|x86.Build.0 = Debug|Any CPU
		{D8A4885D-9A36-4724-B464-6CB122E081F7}.DebugLocal|Any CPU.ActiveCfg = Debug|Any CPU
		{D8A4885D-9A36-4724-B464-6CB122E081F7}.DebugLocal|Any CPU.Build.0 = Debug|Any CPU
		{D8A4885D-9A36-4724-B464-6CB122E081F7}.DebugLocal|x64.ActiveCfg = Debug|Any CPU
		{D8A4885D-9A36-4724-B464-6CB122E081F7}.DebugLocal|x64.Build.0 = Debug|Any CPU
		{D8A4885D-9A36-4724-B464-6CB122E081F7}.DebugLocal|x86.ActiveCfg = Debug|Any CPU
		{D8A4885D-9A36-4724-B464-6CB122E081F7}.DebugLocal|x86.Build.0 = Debug|Any CPU
		{D8A4885D-9A36-4724-B464-6CB122E081F7}.Development|Any CPU.ActiveCfg = Debug|Any CPU
		{D8A4885D-9A36-4724-B464-6CB122E081F7}.Development|Any CPU.Build.0 = Debug|Any CPU
		{D8A4885D-9A36-4724-B464-6CB122E081F7}.Development|x64.ActiveCfg = Debug|Any CPU
		{D8A4885D-9A36-4724-B464-6CB122E081F7}.Development|x64.Build.0 = Debug|Any CPU
		{D8A4885D-9A36-4724-B464-6CB122E081F7}.Development|x86.ActiveCfg = Debug|Any CPU
		{D8A4885D-9A36-4724-B464-6CB122E081F7}.Release|Any CPU.ActiveCfg = Debug|Any CPU
		{D8A4885D-9A36-4724-B464-6CB122E081F7}.Release|Any CPU.Build.0 = Debug|Any CPU
		{D8A4885D-9A36-4724-B464-6CB122E081F7}.Release|x64.ActiveCfg = Release|Any CPU
		{D8A4885D-9A36-4724-B464-6CB122E081F7}.Release|x64.Build.0 = Release|Any CPU
		{D8A4885D-9A36-4724-B464-6CB122E081F7}.Release|x86.ActiveCfg = Release|Any CPU
		{B25AF540-BFA8-4CCE-8219-3494116AE501}.Debug|Any CPU.ActiveCfg = Debug|Any CPU
		{B25AF540-BFA8-4CCE-8219-3494116AE501}.Debug|Any CPU.Build.0 = Debug|Any CPU
		{B25AF540-BFA8-4CCE-8219-3494116AE501}.Debug|x64.ActiveCfg = Debug|Any CPU
		{B25AF540-BFA8-4CCE-8219-3494116AE501}.Debug|x64.Build.0 = Debug|Any CPU
		{B25AF540-BFA8-4CCE-8219-3494116AE501}.Debug|x86.ActiveCfg = Debug|x86
		{B25AF540-BFA8-4CCE-8219-3494116AE501}.Debug|x86.Build.0 = Debug|x86
		{B25AF540-BFA8-4CCE-8219-3494116AE501}.DebugLocal|Any CPU.ActiveCfg = Debug|Any CPU
		{B25AF540-BFA8-4CCE-8219-3494116AE501}.DebugLocal|Any CPU.Build.0 = Debug|Any CPU
		{B25AF540-BFA8-4CCE-8219-3494116AE501}.DebugLocal|x64.ActiveCfg = Debug|Any CPU
		{B25AF540-BFA8-4CCE-8219-3494116AE501}.DebugLocal|x64.Build.0 = Debug|Any CPU
		{B25AF540-BFA8-4CCE-8219-3494116AE501}.DebugLocal|x86.ActiveCfg = Debug|x86
		{B25AF540-BFA8-4CCE-8219-3494116AE501}.DebugLocal|x86.Build.0 = Debug|x86
		{B25AF540-BFA8-4CCE-8219-3494116AE501}.Development|Any CPU.ActiveCfg = Debug|Any CPU
		{B25AF540-BFA8-4CCE-8219-3494116AE501}.Development|Any CPU.Build.0 = Debug|Any CPU
		{B25AF540-BFA8-4CCE-8219-3494116AE501}.Development|x64.ActiveCfg = Debug|Any CPU
		{B25AF540-BFA8-4CCE-8219-3494116AE501}.Development|x64.Build.0 = Debug|Any CPU
		{B25AF540-BFA8-4CCE-8219-3494116AE501}.Development|x86.ActiveCfg = Debug|x86
		{B25AF540-BFA8-4CCE-8219-3494116AE501}.Development|x86.Build.0 = Debug|x86
		{B25AF540-BFA8-4CCE-8219-3494116AE501}.Release|Any CPU.ActiveCfg = Debug|Any CPU
		{B25AF540-BFA8-4CCE-8219-3494116AE501}.Release|Any CPU.Build.0 = Debug|Any CPU
		{B25AF540-BFA8-4CCE-8219-3494116AE501}.Release|x64.ActiveCfg = Release|Any CPU
		{B25AF540-BFA8-4CCE-8219-3494116AE501}.Release|x64.Build.0 = Release|Any CPU
		{B25AF540-BFA8-4CCE-8219-3494116AE501}.Release|x86.ActiveCfg = Release|x86
		{B25AF540-BFA8-4CCE-8219-3494116AE501}.Release|x86.Build.0 = Release|x86
		{C4C193D1-A15A-4B1D-9AFF-727FCAD2971B}.Debug|Any CPU.ActiveCfg = Debug|Any CPU
		{C4C193D1-A15A-4B1D-9AFF-727FCAD2971B}.Debug|x64.ActiveCfg = Debug|Any CPU
		{C4C193D1-A15A-4B1D-9AFF-727FCAD2971B}.Debug|x64.Build.0 = Debug|Any CPU
		{C4C193D1-A15A-4B1D-9AFF-727FCAD2971B}.Debug|x86.ActiveCfg = Debug|Any CPU
		{C4C193D1-A15A-4B1D-9AFF-727FCAD2971B}.DebugLocal|Any CPU.ActiveCfg = Debug|Any CPU
		{C4C193D1-A15A-4B1D-9AFF-727FCAD2971B}.DebugLocal|Any CPU.Build.0 = Debug|Any CPU
		{C4C193D1-A15A-4B1D-9AFF-727FCAD2971B}.DebugLocal|x64.ActiveCfg = Debug|Any CPU
		{C4C193D1-A15A-4B1D-9AFF-727FCAD2971B}.DebugLocal|x64.Build.0 = Debug|Any CPU
		{C4C193D1-A15A-4B1D-9AFF-727FCAD2971B}.DebugLocal|x86.ActiveCfg = Debug|Any CPU
		{C4C193D1-A15A-4B1D-9AFF-727FCAD2971B}.DebugLocal|x86.Build.0 = Debug|Any CPU
		{C4C193D1-A15A-4B1D-9AFF-727FCAD2971B}.Development|Any CPU.ActiveCfg = Debug|Any CPU
		{C4C193D1-A15A-4B1D-9AFF-727FCAD2971B}.Development|Any CPU.Build.0 = Debug|Any CPU
		{C4C193D1-A15A-4B1D-9AFF-727FCAD2971B}.Development|x64.ActiveCfg = Debug|Any CPU
		{C4C193D1-A15A-4B1D-9AFF-727FCAD2971B}.Development|x64.Build.0 = Debug|Any CPU
		{C4C193D1-A15A-4B1D-9AFF-727FCAD2971B}.Development|x86.ActiveCfg = Debug|Any CPU
		{C4C193D1-A15A-4B1D-9AFF-727FCAD2971B}.Release|Any CPU.ActiveCfg = Debug|Any CPU
		{C4C193D1-A15A-4B1D-9AFF-727FCAD2971B}.Release|x64.ActiveCfg = Release|Any CPU
		{C4C193D1-A15A-4B1D-9AFF-727FCAD2971B}.Release|x64.Build.0 = Release|Any CPU
		{C4C193D1-A15A-4B1D-9AFF-727FCAD2971B}.Release|x86.ActiveCfg = Release|Any CPU
		{9B1E7A5F-62FD-4460-B688-91D093484D77}.Debug|Any CPU.ActiveCfg = Debug
		{9B1E7A5F-62FD-4460-B688-91D093484D77}.Debug|x64.ActiveCfg = Debug
		{9B1E7A5F-62FD-4460-B688-91D093484D77}.Debug|x64.Build.0 = Debug
		{9B1E7A5F-62FD-4460-B688-91D093484D77}.Debug|x64.Deploy.0 = Debug
		{9B1E7A5F-62FD-4460-B688-91D093484D77}.Debug|x86.ActiveCfg = Debug
		{9B1E7A5F-62FD-4460-B688-91D093484D77}.DebugLocal|Any CPU.ActiveCfg = DebugLocal
		{9B1E7A5F-62FD-4460-B688-91D093484D77}.DebugLocal|Any CPU.Build.0 = DebugLocal
		{9B1E7A5F-62FD-4460-B688-91D093484D77}.DebugLocal|x64.ActiveCfg = DebugLocal
		{9B1E7A5F-62FD-4460-B688-91D093484D77}.DebugLocal|x64.Build.0 = DebugLocal
		{9B1E7A5F-62FD-4460-B688-91D093484D77}.DebugLocal|x64.Deploy.0 = DebugLocal
		{9B1E7A5F-62FD-4460-B688-91D093484D77}.DebugLocal|x86.ActiveCfg = DebugLocal
		{9B1E7A5F-62FD-4460-B688-91D093484D77}.DebugLocal|x86.Build.0 = DebugLocal
		{9B1E7A5F-62FD-4460-B688-91D093484D77}.Development|Any CPU.ActiveCfg = DebugLocal
		{9B1E7A5F-62FD-4460-B688-91D093484D77}.Development|Any CPU.Build.0 = DebugLocal
		{9B1E7A5F-62FD-4460-B688-91D093484D77}.Development|x64.ActiveCfg = 
		{9B1E7A5F-62FD-4460-B688-91D093484D77}.Development|x64.Build.0 = 
		{9B1E7A5F-62FD-4460-B688-91D093484D77}.Development|x64.Deploy.0 = 
		{9B1E7A5F-62FD-4460-B688-91D093484D77}.Development|x86.ActiveCfg = DebugLocal
		{9B1E7A5F-62FD-4460-B688-91D093484D77}.Development|x86.Build.0 = DebugLocal
		{9B1E7A5F-62FD-4460-B688-91D093484D77}.Release|Any CPU.ActiveCfg = Debug
		{9B1E7A5F-62FD-4460-B688-91D093484D77}.Release|x64.ActiveCfg = Release
		{9B1E7A5F-62FD-4460-B688-91D093484D77}.Release|x64.Build.0 = Release
		{9B1E7A5F-62FD-4460-B688-91D093484D77}.Release|x64.Deploy.0 = Release
		{9B1E7A5F-62FD-4460-B688-91D093484D77}.Release|x86.ActiveCfg = Release
		{9B1E7A5F-62FD-4460-B688-91D093484D77}.Release|x86.Build.0 = Release
		{9B1E7A5F-62FD-4460-B688-91D093484D77}.Release|x86.Deploy.0 = Release
		{22F41207-555C-438C-8384-F5161E642A7A}.Debug|Any CPU.ActiveCfg = Development
		{22F41207-555C-438C-8384-F5161E642A7A}.Debug|x64.ActiveCfg = Development
		{22F41207-555C-438C-8384-F5161E642A7A}.Debug|x64.Build.0 = Development
		{22F41207-555C-438C-8384-F5161E642A7A}.Debug|x86.ActiveCfg = Development
		{22F41207-555C-438C-8384-F5161E642A7A}.DebugLocal|Any CPU.ActiveCfg = Development
		{22F41207-555C-438C-8384-F5161E642A7A}.DebugLocal|Any CPU.Build.0 = Development
		{22F41207-555C-438C-8384-F5161E642A7A}.DebugLocal|x64.ActiveCfg = Development
		{22F41207-555C-438C-8384-F5161E642A7A}.DebugLocal|x64.Build.0 = Development
		{22F41207-555C-438C-8384-F5161E642A7A}.DebugLocal|x86.ActiveCfg = Development
		{22F41207-555C-438C-8384-F5161E642A7A}.DebugLocal|x86.Build.0 = Development
		{22F41207-555C-438C-8384-F5161E642A7A}.Development|Any CPU.ActiveCfg = Development
		{22F41207-555C-438C-8384-F5161E642A7A}.Development|Any CPU.Build.0 = Development
		{22F41207-555C-438C-8384-F5161E642A7A}.Development|x64.ActiveCfg = Development
		{22F41207-555C-438C-8384-F5161E642A7A}.Development|x64.Build.0 = Development
		{22F41207-555C-438C-8384-F5161E642A7A}.Development|x86.ActiveCfg = Development
		{22F41207-555C-438C-8384-F5161E642A7A}.Development|x86.Build.0 = Development
		{22F41207-555C-438C-8384-F5161E642A7A}.Release|Any CPU.ActiveCfg = Development
		{22F41207-555C-438C-8384-F5161E642A7A}.Release|x64.ActiveCfg = Development
		{22F41207-555C-438C-8384-F5161E642A7A}.Release|x64.Build.0 = Development
		{22F41207-555C-438C-8384-F5161E642A7A}.Release|x86.ActiveCfg = Development
		{22F41207-555C-438C-8384-F5161E642A7A}.Release|x86.Build.0 = Development
		{9BCE75AB-985C-4AE1-9857-D617F8BA5E56}.Debug|Any CPU.ActiveCfg = Debug|Any CPU
		{9BCE75AB-985C-4AE1-9857-D617F8BA5E56}.Debug|x64.ActiveCfg = Debug|Any CPU
		{9BCE75AB-985C-4AE1-9857-D617F8BA5E56}.Debug|x64.Build.0 = Debug|Any CPU
		{9BCE75AB-985C-4AE1-9857-D617F8BA5E56}.Debug|x86.ActiveCfg = Debug|Any CPU
		{9BCE75AB-985C-4AE1-9857-D617F8BA5E56}.Debug|x86.Build.0 = Debug|Any CPU
		{9BCE75AB-985C-4AE1-9857-D617F8BA5E56}.DebugLocal|Any CPU.ActiveCfg = Debug|Any CPU
		{9BCE75AB-985C-4AE1-9857-D617F8BA5E56}.DebugLocal|Any CPU.Build.0 = Debug|Any CPU
		{9BCE75AB-985C-4AE1-9857-D617F8BA5E56}.DebugLocal|x64.ActiveCfg = Debug|Any CPU
		{9BCE75AB-985C-4AE1-9857-D617F8BA5E56}.DebugLocal|x64.Build.0 = Debug|Any CPU
		{9BCE75AB-985C-4AE1-9857-D617F8BA5E56}.DebugLocal|x86.ActiveCfg = Debug|Any CPU
		{9BCE75AB-985C-4AE1-9857-D617F8BA5E56}.DebugLocal|x86.Build.0 = Debug|Any CPU
		{9BCE75AB-985C-4AE1-9857-D617F8BA5E56}.Development|Any CPU.ActiveCfg = Debug|Any CPU
		{9BCE75AB-985C-4AE1-9857-D617F8BA5E56}.Development|Any CPU.Build.0 = Debug|Any CPU
		{9BCE75AB-985C-4AE1-9857-D617F8BA5E56}.Development|x64.ActiveCfg = Debug|Any CPU
		{9BCE75AB-985C-4AE1-9857-D617F8BA5E56}.Development|x64.Build.0 = Debug|Any CPU
		{9BCE75AB-985C-4AE1-9857-D617F8BA5E56}.Development|x86.ActiveCfg = Debug|Any CPU
		{9BCE75AB-985C-4AE1-9857-D617F8BA5E56}.Development|x86.Build.0 = Debug|Any CPU
		{9BCE75AB-985C-4AE1-9857-D617F8BA5E56}.Release|Any CPU.ActiveCfg = Debug|Any CPU
		{9BCE75AB-985C-4AE1-9857-D617F8BA5E56}.Release|x64.ActiveCfg = Release|Any CPU
		{9BCE75AB-985C-4AE1-9857-D617F8BA5E56}.Release|x64.Build.0 = Release|Any CPU
		{9BCE75AB-985C-4AE1-9857-D617F8BA5E56}.Release|x86.ActiveCfg = Release|Any CPU
		{9BCE75AB-985C-4AE1-9857-D617F8BA5E56}.Release|x86.Build.0 = Release|Any CPU
		{D2456833-EA91-450D-B038-6BE4B72EF784}.Debug|Any CPU.ActiveCfg = Debug|Any CPU
		{D2456833-EA91-450D-B038-6BE4B72EF784}.Debug|x64.ActiveCfg = Debug|Any CPU
		{D2456833-EA91-450D-B038-6BE4B72EF784}.Debug|x64.Build.0 = Debug|Any CPU
		{D2456833-EA91-450D-B038-6BE4B72EF784}.Debug|x86.ActiveCfg = Debug|Any CPU
		{D2456833-EA91-450D-B038-6BE4B72EF784}.Debug|x86.Build.0 = Debug|Any CPU
		{D2456833-EA91-450D-B038-6BE4B72EF784}.DebugLocal|Any CPU.ActiveCfg = Debug|Any CPU
		{D2456833-EA91-450D-B038-6BE4B72EF784}.DebugLocal|Any CPU.Build.0 = Debug|Any CPU
		{D2456833-EA91-450D-B038-6BE4B72EF784}.DebugLocal|x64.ActiveCfg = Debug|Any CPU
		{D2456833-EA91-450D-B038-6BE4B72EF784}.DebugLocal|x64.Build.0 = Debug|Any CPU
		{D2456833-EA91-450D-B038-6BE4B72EF784}.DebugLocal|x86.ActiveCfg = Debug|Any CPU
		{D2456833-EA91-450D-B038-6BE4B72EF784}.DebugLocal|x86.Build.0 = Debug|Any CPU
		{D2456833-EA91-450D-B038-6BE4B72EF784}.Development|Any CPU.ActiveCfg = Debug|Any CPU
		{D2456833-EA91-450D-B038-6BE4B72EF784}.Development|Any CPU.Build.0 = Debug|Any CPU
		{D2456833-EA91-450D-B038-6BE4B72EF784}.Development|x64.ActiveCfg = Debug|Any CPU
		{D2456833-EA91-450D-B038-6BE4B72EF784}.Development|x64.Build.0 = Debug|Any CPU
		{D2456833-EA91-450D-B038-6BE4B72EF784}.Development|x86.ActiveCfg = Debug|Any CPU
		{D2456833-EA91-450D-B038-6BE4B72EF784}.Development|x86.Build.0 = Debug|Any CPU
		{D2456833-EA91-450D-B038-6BE4B72EF784}.Release|Any CPU.ActiveCfg = Debug|Any CPU
		{D2456833-EA91-450D-B038-6BE4B72EF784}.Release|x64.ActiveCfg = Release|Any CPU
		{D2456833-EA91-450D-B038-6BE4B72EF784}.Release|x64.Build.0 = Release|Any CPU
		{D2456833-EA91-450D-B038-6BE4B72EF784}.Release|x86.ActiveCfg = Release|Any CPU
		{D2456833-EA91-450D-B038-6BE4B72EF784}.Release|x86.Build.0 = Release|Any CPU
		{F2D41EB8-BA35-45C7-8EEB-C2A1FBA9DA15}.Debug|Any CPU.ActiveCfg = Debug|Any CPU
		{F2D41EB8-BA35-45C7-8EEB-C2A1FBA9DA15}.Debug|x64.ActiveCfg = Debug|Any CPU
		{F2D41EB8-BA35-45C7-8EEB-C2A1FBA9DA15}.Debug|x64.Build.0 = Debug|Any CPU
		{F2D41EB8-BA35-45C7-8EEB-C2A1FBA9DA15}.Debug|x86.ActiveCfg = Debug|Any CPU
		{F2D41EB8-BA35-45C7-8EEB-C2A1FBA9DA15}.Debug|x86.Build.0 = Debug|Any CPU
		{F2D41EB8-BA35-45C7-8EEB-C2A1FBA9DA15}.DebugLocal|Any CPU.ActiveCfg = Debug|Any CPU
		{F2D41EB8-BA35-45C7-8EEB-C2A1FBA9DA15}.DebugLocal|Any CPU.Build.0 = Debug|Any CPU
		{F2D41EB8-BA35-45C7-8EEB-C2A1FBA9DA15}.DebugLocal|x64.ActiveCfg = Debug|Any CPU
		{F2D41EB8-BA35-45C7-8EEB-C2A1FBA9DA15}.DebugLocal|x64.Build.0 = Debug|Any CPU
		{F2D41EB8-BA35-45C7-8EEB-C2A1FBA9DA15}.DebugLocal|x86.ActiveCfg = Debug|Any CPU
		{F2D41EB8-BA35-45C7-8EEB-C2A1FBA9DA15}.DebugLocal|x86.Build.0 = Debug|Any CPU
		{F2D41EB8-BA35-45C7-8EEB-C2A1FBA9DA15}.Development|Any CPU.ActiveCfg = Debug|Any CPU
		{F2D41EB8-BA35-45C7-8EEB-C2A1FBA9DA15}.Development|Any CPU.Build.0 = Debug|Any CPU
		{F2D41EB8-BA35-45C7-8EEB-C2A1FBA9DA15}.Development|x64.ActiveCfg = Debug|Any CPU
		{F2D41EB8-BA35-45C7-8EEB-C2A1FBA9DA15}.Development|x64.Build.0 = Debug|Any CPU
		{F2D41EB8-BA35-45C7-8EEB-C2A1FBA9DA15}.Development|x86.ActiveCfg = Debug|Any CPU
		{F2D41EB8-BA35-45C7-8EEB-C2A1FBA9DA15}.Development|x86.Build.0 = Debug|Any CPU
		{F2D41EB8-BA35-45C7-8EEB-C2A1FBA9DA15}.Release|Any CPU.ActiveCfg = Release|Any CPU
		{F2D41EB8-BA35-45C7-8EEB-C2A1FBA9DA15}.Release|Any CPU.Build.0 = Release|Any CPU
		{F2D41EB8-BA35-45C7-8EEB-C2A1FBA9DA15}.Release|x64.ActiveCfg = Release|Any CPU
		{F2D41EB8-BA35-45C7-8EEB-C2A1FBA9DA15}.Release|x64.Build.0 = Release|Any CPU
		{F2D41EB8-BA35-45C7-8EEB-C2A1FBA9DA15}.Release|x86.ActiveCfg = Release|Any CPU
		{F2D41EB8-BA35-45C7-8EEB-C2A1FBA9DA15}.Release|x86.Build.0 = Release|Any CPU
		{62F44E7A-2819-483D-A3E8-0118EF964894}.Debug|Any CPU.ActiveCfg = Debug|Any CPU
		{62F44E7A-2819-483D-A3E8-0118EF964894}.Debug|x64.ActiveCfg = Debug|Any CPU
		{62F44E7A-2819-483D-A3E8-0118EF964894}.Debug|x64.Build.0 = Debug|Any CPU
		{62F44E7A-2819-483D-A3E8-0118EF964894}.Debug|x86.ActiveCfg = Debug|Any CPU
		{62F44E7A-2819-483D-A3E8-0118EF964894}.Debug|x86.Build.0 = Debug|Any CPU
		{62F44E7A-2819-483D-A3E8-0118EF964894}.DebugLocal|Any CPU.ActiveCfg = Debug|Any CPU
		{62F44E7A-2819-483D-A3E8-0118EF964894}.DebugLocal|Any CPU.Build.0 = Debug|Any CPU
		{62F44E7A-2819-483D-A3E8-0118EF964894}.DebugLocal|x64.ActiveCfg = Debug|Any CPU
		{62F44E7A-2819-483D-A3E8-0118EF964894}.DebugLocal|x64.Build.0 = Debug|Any CPU
		{62F44E7A-2819-483D-A3E8-0118EF964894}.DebugLocal|x86.ActiveCfg = Debug|Any CPU
		{62F44E7A-2819-483D-A3E8-0118EF964894}.DebugLocal|x86.Build.0 = Debug|Any CPU
		{62F44E7A-2819-483D-A3E8-0118EF964894}.Development|Any CPU.ActiveCfg = Debug|Any CPU
		{62F44E7A-2819-483D-A3E8-0118EF964894}.Development|Any CPU.Build.0 = Debug|Any CPU
		{62F44E7A-2819-483D-A3E8-0118EF964894}.Development|x64.ActiveCfg = Debug|Any CPU
		{62F44E7A-2819-483D-A3E8-0118EF964894}.Development|x64.Build.0 = Debug|Any CPU
		{62F44E7A-2819-483D-A3E8-0118EF964894}.Development|x86.ActiveCfg = Debug|Any CPU
		{62F44E7A-2819-483D-A3E8-0118EF964894}.Development|x86.Build.0 = Debug|Any CPU
		{62F44E7A-2819-483D-A3E8-0118EF964894}.Release|Any CPU.ActiveCfg = Release|Any CPU
		{62F44E7A-2819-483D-A3E8-0118EF964894}.Release|Any CPU.Build.0 = Release|Any CPU
		{62F44E7A-2819-483D-A3E8-0118EF964894}.Release|x64.ActiveCfg = Release|Any CPU
		{62F44E7A-2819-483D-A3E8-0118EF964894}.Release|x64.Build.0 = Release|Any CPU
		{62F44E7A-2819-483D-A3E8-0118EF964894}.Release|x86.ActiveCfg = Release|Any CPU
		{62F44E7A-2819-483D-A3E8-0118EF964894}.Release|x86.Build.0 = Release|Any CPU
		{8A42ADDD-8403-4381-9E68-5E106D1E62EE}.Debug|Any CPU.ActiveCfg = Debug|Any CPU
		{8A42ADDD-8403-4381-9E68-5E106D1E62EE}.Debug|x64.ActiveCfg = Debug|Any CPU
		{8A42ADDD-8403-4381-9E68-5E106D1E62EE}.Debug|x64.Build.0 = Debug|Any CPU
		{8A42ADDD-8403-4381-9E68-5E106D1E62EE}.Debug|x86.ActiveCfg = Debug|Any CPU
		{8A42ADDD-8403-4381-9E68-5E106D1E62EE}.Debug|x86.Build.0 = Debug|Any CPU
		{8A42ADDD-8403-4381-9E68-5E106D1E62EE}.DebugLocal|Any CPU.ActiveCfg = Debug|Any CPU
		{8A42ADDD-8403-4381-9E68-5E106D1E62EE}.DebugLocal|Any CPU.Build.0 = Debug|Any CPU
		{8A42ADDD-8403-4381-9E68-5E106D1E62EE}.DebugLocal|x64.ActiveCfg = Debug|Any CPU
		{8A42ADDD-8403-4381-9E68-5E106D1E62EE}.DebugLocal|x64.Build.0 = Debug|Any CPU
		{8A42ADDD-8403-4381-9E68-5E106D1E62EE}.DebugLocal|x86.ActiveCfg = Debug|Any CPU
		{8A42ADDD-8403-4381-9E68-5E106D1E62EE}.DebugLocal|x86.Build.0 = Debug|Any CPU
		{8A42ADDD-8403-4381-9E68-5E106D1E62EE}.Development|Any CPU.ActiveCfg = Debug|Any CPU
		{8A42ADDD-8403-4381-9E68-5E106D1E62EE}.Development|Any CPU.Build.0 = Debug|Any CPU
		{8A42ADDD-8403-4381-9E68-5E106D1E62EE}.Development|x64.ActiveCfg = Debug|Any CPU
		{8A42ADDD-8403-4381-9E68-5E106D1E62EE}.Development|x64.Build.0 = Debug|Any CPU
		{8A42ADDD-8403-4381-9E68-5E106D1E62EE}.Development|x86.ActiveCfg = Debug|Any CPU
		{8A42ADDD-8403-4381-9E68-5E106D1E62EE}.Development|x86.Build.0 = Debug|Any CPU
		{8A42ADDD-8403-4381-9E68-5E106D1E62EE}.Release|Any CPU.ActiveCfg = Release|Any CPU
		{8A42ADDD-8403-4381-9E68-5E106D1E62EE}.Release|Any CPU.Build.0 = Release|Any CPU
		{8A42ADDD-8403-4381-9E68-5E106D1E62EE}.Release|x64.ActiveCfg = Release|Any CPU
		{8A42ADDD-8403-4381-9E68-5E106D1E62EE}.Release|x64.Build.0 = Release|Any CPU
		{8A42ADDD-8403-4381-9E68-5E106D1E62EE}.Release|x86.ActiveCfg = Release|Any CPU
		{8A42ADDD-8403-4381-9E68-5E106D1E62EE}.Release|x86.Build.0 = Release|Any CPU
		{4AEB5BD9-7B31-4476-BBDE-B6FBD691F448}.Debug|Any CPU.ActiveCfg = Debug|Any CPU
		{4AEB5BD9-7B31-4476-BBDE-B6FBD691F448}.Debug|Any CPU.Build.0 = Debug|Any CPU
		{4AEB5BD9-7B31-4476-BBDE-B6FBD691F448}.Debug|x64.ActiveCfg = Debug|Any CPU
		{4AEB5BD9-7B31-4476-BBDE-B6FBD691F448}.Debug|x64.Build.0 = Debug|Any CPU
		{4AEB5BD9-7B31-4476-BBDE-B6FBD691F448}.Debug|x64.Deploy.0 = Debug|Any CPU
		{4AEB5BD9-7B31-4476-BBDE-B6FBD691F448}.Debug|x86.ActiveCfg = Debug|Any CPU
		{4AEB5BD9-7B31-4476-BBDE-B6FBD691F448}.Debug|x86.Build.0 = Debug|Any CPU
		{4AEB5BD9-7B31-4476-BBDE-B6FBD691F448}.Debug|x86.Deploy.0 = Debug|Any CPU
		{4AEB5BD9-7B31-4476-BBDE-B6FBD691F448}.DebugLocal|Any CPU.ActiveCfg = Debug|Any CPU
		{4AEB5BD9-7B31-4476-BBDE-B6FBD691F448}.DebugLocal|Any CPU.Build.0 = Debug|Any CPU
		{4AEB5BD9-7B31-4476-BBDE-B6FBD691F448}.DebugLocal|Any CPU.Deploy.0 = Debug|Any CPU
		{4AEB5BD9-7B31-4476-BBDE-B6FBD691F448}.DebugLocal|x64.ActiveCfg = Debug|Any CPU
		{4AEB5BD9-7B31-4476-BBDE-B6FBD691F448}.DebugLocal|x64.Build.0 = Debug|Any CPU
		{4AEB5BD9-7B31-4476-BBDE-B6FBD691F448}.DebugLocal|x64.Deploy.0 = Debug|Any CPU
		{4AEB5BD9-7B31-4476-BBDE-B6FBD691F448}.DebugLocal|x86.ActiveCfg = Debug|Any CPU
		{4AEB5BD9-7B31-4476-BBDE-B6FBD691F448}.DebugLocal|x86.Build.0 = Debug|Any CPU
		{4AEB5BD9-7B31-4476-BBDE-B6FBD691F448}.DebugLocal|x86.Deploy.0 = Debug|Any CPU
		{4AEB5BD9-7B31-4476-BBDE-B6FBD691F448}.Development|Any CPU.ActiveCfg = Debug|Any CPU
		{4AEB5BD9-7B31-4476-BBDE-B6FBD691F448}.Development|Any CPU.Build.0 = Debug|Any CPU
		{4AEB5BD9-7B31-4476-BBDE-B6FBD691F448}.Development|Any CPU.Deploy.0 = Debug|Any CPU
		{4AEB5BD9-7B31-4476-BBDE-B6FBD691F448}.Development|x64.ActiveCfg = Debug|Any CPU
		{4AEB5BD9-7B31-4476-BBDE-B6FBD691F448}.Development|x64.Build.0 = Debug|Any CPU
		{4AEB5BD9-7B31-4476-BBDE-B6FBD691F448}.Development|x64.Deploy.0 = Debug|Any CPU
		{4AEB5BD9-7B31-4476-BBDE-B6FBD691F448}.Development|x86.ActiveCfg = Debug|Any CPU
		{4AEB5BD9-7B31-4476-BBDE-B6FBD691F448}.Development|x86.Build.0 = Debug|Any CPU
		{4AEB5BD9-7B31-4476-BBDE-B6FBD691F448}.Development|x86.Deploy.0 = Debug|Any CPU
		{4AEB5BD9-7B31-4476-BBDE-B6FBD691F448}.Release|Any CPU.ActiveCfg = Release|Any CPU
		{4AEB5BD9-7B31-4476-BBDE-B6FBD691F448}.Release|Any CPU.Build.0 = Release|Any CPU
		{4AEB5BD9-7B31-4476-BBDE-B6FBD691F448}.Release|Any CPU.Deploy.0 = Release|Any CPU
		{4AEB5BD9-7B31-4476-BBDE-B6FBD691F448}.Release|x64.ActiveCfg = Release|Any CPU
		{4AEB5BD9-7B31-4476-BBDE-B6FBD691F448}.Release|x64.Build.0 = Release|Any CPU
		{4AEB5BD9-7B31-4476-BBDE-B6FBD691F448}.Release|x64.Deploy.0 = Release|Any CPU
		{4AEB5BD9-7B31-4476-BBDE-B6FBD691F448}.Release|x86.ActiveCfg = Release|Any CPU
		{4AEB5BD9-7B31-4476-BBDE-B6FBD691F448}.Release|x86.Build.0 = Release|Any CPU
		{4AEB5BD9-7B31-4476-BBDE-B6FBD691F448}.Release|x86.Deploy.0 = Release|Any CPU
		{4159637A-E33C-481E-BA7C-8C6B37CE77CF}.Debug|Any CPU.ActiveCfg = Debug|Any CPU
		{4159637A-E33C-481E-BA7C-8C6B37CE77CF}.Debug|Any CPU.Build.0 = Debug|Any CPU
		{4159637A-E33C-481E-BA7C-8C6B37CE77CF}.Debug|x64.ActiveCfg = Debug|Any CPU
		{4159637A-E33C-481E-BA7C-8C6B37CE77CF}.Debug|x64.Build.0 = Debug|Any CPU
		{4159637A-E33C-481E-BA7C-8C6B37CE77CF}.Debug|x86.ActiveCfg = Debug|Any CPU
		{4159637A-E33C-481E-BA7C-8C6B37CE77CF}.Debug|x86.Build.0 = Debug|Any CPU
		{4159637A-E33C-481E-BA7C-8C6B37CE77CF}.DebugLocal|Any CPU.ActiveCfg = Debug|Any CPU
		{4159637A-E33C-481E-BA7C-8C6B37CE77CF}.DebugLocal|Any CPU.Build.0 = Debug|Any CPU
		{4159637A-E33C-481E-BA7C-8C6B37CE77CF}.DebugLocal|x64.ActiveCfg = Debug|Any CPU
		{4159637A-E33C-481E-BA7C-8C6B37CE77CF}.DebugLocal|x64.Build.0 = Debug|Any CPU
		{4159637A-E33C-481E-BA7C-8C6B37CE77CF}.DebugLocal|x86.ActiveCfg = Debug|Any CPU
		{4159637A-E33C-481E-BA7C-8C6B37CE77CF}.DebugLocal|x86.Build.0 = Debug|Any CPU
		{4159637A-E33C-481E-BA7C-8C6B37CE77CF}.Development|Any CPU.ActiveCfg = Debug|Any CPU
		{4159637A-E33C-481E-BA7C-8C6B37CE77CF}.Development|Any CPU.Build.0 = Debug|Any CPU
		{4159637A-E33C-481E-BA7C-8C6B37CE77CF}.Development|x64.ActiveCfg = Debug|Any CPU
		{4159637A-E33C-481E-BA7C-8C6B37CE77CF}.Development|x64.Build.0 = Debug|Any CPU
		{4159637A-E33C-481E-BA7C-8C6B37CE77CF}.Development|x86.ActiveCfg = Debug|Any CPU
		{4159637A-E33C-481E-BA7C-8C6B37CE77CF}.Development|x86.Build.0 = Debug|Any CPU
		{4159637A-E33C-481E-BA7C-8C6B37CE77CF}.Release|Any CPU.ActiveCfg = Release|Any CPU
		{4159637A-E33C-481E-BA7C-8C6B37CE77CF}.Release|Any CPU.Build.0 = Release|Any CPU
		{4159637A-E33C-481E-BA7C-8C6B37CE77CF}.Release|x64.ActiveCfg = Release|Any CPU
		{4159637A-E33C-481E-BA7C-8C6B37CE77CF}.Release|x64.Build.0 = Release|Any CPU
		{4159637A-E33C-481E-BA7C-8C6B37CE77CF}.Release|x86.ActiveCfg = Release|Any CPU
		{4159637A-E33C-481E-BA7C-8C6B37CE77CF}.Release|x86.Build.0 = Release|Any CPU
		{040467EA-09FB-4A57-BC4A-341E0109C4B0}.Debug|Any CPU.ActiveCfg = Debug|Any CPU
		{040467EA-09FB-4A57-BC4A-341E0109C4B0}.Debug|Any CPU.Build.0 = Debug|Any CPU
		{040467EA-09FB-4A57-BC4A-341E0109C4B0}.Debug|x64.ActiveCfg = Debug|Any CPU
		{040467EA-09FB-4A57-BC4A-341E0109C4B0}.Debug|x64.Build.0 = Debug|Any CPU
		{040467EA-09FB-4A57-BC4A-341E0109C4B0}.Debug|x86.ActiveCfg = Debug|Any CPU
		{040467EA-09FB-4A57-BC4A-341E0109C4B0}.Debug|x86.Build.0 = Debug|Any CPU
		{040467EA-09FB-4A57-BC4A-341E0109C4B0}.DebugLocal|Any CPU.ActiveCfg = Debug|Any CPU
		{040467EA-09FB-4A57-BC4A-341E0109C4B0}.DebugLocal|Any CPU.Build.0 = Debug|Any CPU
		{040467EA-09FB-4A57-BC4A-341E0109C4B0}.DebugLocal|x64.ActiveCfg = Debug|Any CPU
		{040467EA-09FB-4A57-BC4A-341E0109C4B0}.DebugLocal|x64.Build.0 = Debug|Any CPU
		{040467EA-09FB-4A57-BC4A-341E0109C4B0}.DebugLocal|x86.ActiveCfg = Debug|Any CPU
		{040467EA-09FB-4A57-BC4A-341E0109C4B0}.DebugLocal|x86.Build.0 = Debug|Any CPU
		{040467EA-09FB-4A57-BC4A-341E0109C4B0}.Development|Any CPU.ActiveCfg = Debug|Any CPU
		{040467EA-09FB-4A57-BC4A-341E0109C4B0}.Development|Any CPU.Build.0 = Debug|Any CPU
		{040467EA-09FB-4A57-BC4A-341E0109C4B0}.Development|x64.ActiveCfg = Debug|Any CPU
		{040467EA-09FB-4A57-BC4A-341E0109C4B0}.Development|x64.Build.0 = Debug|Any CPU
		{040467EA-09FB-4A57-BC4A-341E0109C4B0}.Development|x86.ActiveCfg = Debug|Any CPU
		{040467EA-09FB-4A57-BC4A-341E0109C4B0}.Development|x86.Build.0 = Debug|Any CPU
		{040467EA-09FB-4A57-BC4A-341E0109C4B0}.Release|Any CPU.ActiveCfg = Release|Any CPU
		{040467EA-09FB-4A57-BC4A-341E0109C4B0}.Release|Any CPU.Build.0 = Release|Any CPU
		{040467EA-09FB-4A57-BC4A-341E0109C4B0}.Release|x64.ActiveCfg = Release|Any CPU
		{040467EA-09FB-4A57-BC4A-341E0109C4B0}.Release|x64.Build.0 = Release|Any CPU
		{040467EA-09FB-4A57-BC4A-341E0109C4B0}.Release|x86.ActiveCfg = Release|Any CPU
		{040467EA-09FB-4A57-BC4A-341E0109C4B0}.Release|x86.Build.0 = Release|Any CPU
		{F612FBDD-E4BA-4A12-B07B-00DD499CD4D0}.Debug|Any CPU.ActiveCfg = Debug|Any CPU
		{F612FBDD-E4BA-4A12-B07B-00DD499CD4D0}.Debug|Any CPU.Build.0 = Debug|Any CPU
		{F612FBDD-E4BA-4A12-B07B-00DD499CD4D0}.Debug|x64.ActiveCfg = Debug|Any CPU
		{F612FBDD-E4BA-4A12-B07B-00DD499CD4D0}.Debug|x64.Build.0 = Debug|Any CPU
		{F612FBDD-E4BA-4A12-B07B-00DD499CD4D0}.Debug|x86.ActiveCfg = Debug|Any CPU
		{F612FBDD-E4BA-4A12-B07B-00DD499CD4D0}.Debug|x86.Build.0 = Debug|Any CPU
		{F612FBDD-E4BA-4A12-B07B-00DD499CD4D0}.DebugLocal|Any CPU.ActiveCfg = Debug|Any CPU
		{F612FBDD-E4BA-4A12-B07B-00DD499CD4D0}.DebugLocal|Any CPU.Build.0 = Debug|Any CPU
		{F612FBDD-E4BA-4A12-B07B-00DD499CD4D0}.DebugLocal|x64.ActiveCfg = Debug|Any CPU
		{F612FBDD-E4BA-4A12-B07B-00DD499CD4D0}.DebugLocal|x64.Build.0 = Debug|Any CPU
		{F612FBDD-E4BA-4A12-B07B-00DD499CD4D0}.DebugLocal|x86.ActiveCfg = Debug|Any CPU
		{F612FBDD-E4BA-4A12-B07B-00DD499CD4D0}.DebugLocal|x86.Build.0 = Debug|Any CPU
		{F612FBDD-E4BA-4A12-B07B-00DD499CD4D0}.Development|Any CPU.ActiveCfg = Debug|Any CPU
		{F612FBDD-E4BA-4A12-B07B-00DD499CD4D0}.Development|Any CPU.Build.0 = Debug|Any CPU
		{F612FBDD-E4BA-4A12-B07B-00DD499CD4D0}.Development|x64.ActiveCfg = Debug|Any CPU
		{F612FBDD-E4BA-4A12-B07B-00DD499CD4D0}.Development|x64.Build.0 = Debug|Any CPU
		{F612FBDD-E4BA-4A12-B07B-00DD499CD4D0}.Development|x86.ActiveCfg = Debug|Any CPU
		{F612FBDD-E4BA-4A12-B07B-00DD499CD4D0}.Development|x86.Build.0 = Debug|Any CPU
		{F612FBDD-E4BA-4A12-B07B-00DD499CD4D0}.Release|Any CPU.ActiveCfg = Release|Any CPU
		{F612FBDD-E4BA-4A12-B07B-00DD499CD4D0}.Release|Any CPU.Build.0 = Release|Any CPU
		{F612FBDD-E4BA-4A12-B07B-00DD499CD4D0}.Release|x64.ActiveCfg = Release|Any CPU
		{F612FBDD-E4BA-4A12-B07B-00DD499CD4D0}.Release|x64.Build.0 = Release|Any CPU
		{F612FBDD-E4BA-4A12-B07B-00DD499CD4D0}.Release|x86.ActiveCfg = Release|Any CPU
		{F612FBDD-E4BA-4A12-B07B-00DD499CD4D0}.Release|x86.Build.0 = Release|Any CPU
		{4A2B21F7-ADBD-414E-AE13-F69396EC8991}.Debug|Any CPU.ActiveCfg = Debug|Any CPU
		{4A2B21F7-ADBD-414E-AE13-F69396EC8991}.Debug|Any CPU.Build.0 = Debug|Any CPU
		{4A2B21F7-ADBD-414E-AE13-F69396EC8991}.Debug|x64.ActiveCfg = Debug|Any CPU
		{4A2B21F7-ADBD-414E-AE13-F69396EC8991}.Debug|x64.Build.0 = Debug|Any CPU
		{4A2B21F7-ADBD-414E-AE13-F69396EC8991}.Debug|x86.ActiveCfg = Debug|Any CPU
		{4A2B21F7-ADBD-414E-AE13-F69396EC8991}.Debug|x86.Build.0 = Debug|Any CPU
		{4A2B21F7-ADBD-414E-AE13-F69396EC8991}.DebugLocal|Any CPU.ActiveCfg = Debug|Any CPU
		{4A2B21F7-ADBD-414E-AE13-F69396EC8991}.DebugLocal|Any CPU.Build.0 = Debug|Any CPU
		{4A2B21F7-ADBD-414E-AE13-F69396EC8991}.DebugLocal|x64.ActiveCfg = Debug|Any CPU
		{4A2B21F7-ADBD-414E-AE13-F69396EC8991}.DebugLocal|x64.Build.0 = Debug|Any CPU
		{4A2B21F7-ADBD-414E-AE13-F69396EC8991}.DebugLocal|x86.ActiveCfg = Debug|Any CPU
		{4A2B21F7-ADBD-414E-AE13-F69396EC8991}.DebugLocal|x86.Build.0 = Debug|Any CPU
		{4A2B21F7-ADBD-414E-AE13-F69396EC8991}.Development|Any CPU.ActiveCfg = Debug|Any CPU
		{4A2B21F7-ADBD-414E-AE13-F69396EC8991}.Development|Any CPU.Build.0 = Debug|Any CPU
		{4A2B21F7-ADBD-414E-AE13-F69396EC8991}.Development|x64.ActiveCfg = Debug|Any CPU
		{4A2B21F7-ADBD-414E-AE13-F69396EC8991}.Development|x64.Build.0 = Debug|Any CPU
		{4A2B21F7-ADBD-414E-AE13-F69396EC8991}.Development|x86.ActiveCfg = Debug|Any CPU
		{4A2B21F7-ADBD-414E-AE13-F69396EC8991}.Development|x86.Build.0 = Debug|Any CPU
		{4A2B21F7-ADBD-414E-AE13-F69396EC8991}.Release|Any CPU.ActiveCfg = Release|Any CPU
		{4A2B21F7-ADBD-414E-AE13-F69396EC8991}.Release|Any CPU.Build.0 = Release|Any CPU
		{4A2B21F7-ADBD-414E-AE13-F69396EC8991}.Release|x64.ActiveCfg = Release|Any CPU
		{4A2B21F7-ADBD-414E-AE13-F69396EC8991}.Release|x64.Build.0 = Release|Any CPU
		{4A2B21F7-ADBD-414E-AE13-F69396EC8991}.Release|x86.ActiveCfg = Release|Any CPU
		{4A2B21F7-ADBD-414E-AE13-F69396EC8991}.Release|x86.Build.0 = Release|Any CPU
		{D0B9E871-D396-4DF5-BC40-7F53C727D606}.Debug|Any CPU.ActiveCfg = Debug|Any CPU
		{D0B9E871-D396-4DF5-BC40-7F53C727D606}.Debug|x64.ActiveCfg = Debug|Any CPU
		{D0B9E871-D396-4DF5-BC40-7F53C727D606}.Debug|x64.Build.0 = Debug|Any CPU
		{D0B9E871-D396-4DF5-BC40-7F53C727D606}.Debug|x86.ActiveCfg = Debug|Any CPU
		{D0B9E871-D396-4DF5-BC40-7F53C727D606}.Debug|x86.Build.0 = Debug|Any CPU
		{D0B9E871-D396-4DF5-BC40-7F53C727D606}.DebugLocal|Any CPU.ActiveCfg = Debug|Any CPU
		{D0B9E871-D396-4DF5-BC40-7F53C727D606}.DebugLocal|Any CPU.Build.0 = Debug|Any CPU
		{D0B9E871-D396-4DF5-BC40-7F53C727D606}.DebugLocal|x64.ActiveCfg = Debug|Any CPU
		{D0B9E871-D396-4DF5-BC40-7F53C727D606}.DebugLocal|x64.Build.0 = Debug|Any CPU
		{D0B9E871-D396-4DF5-BC40-7F53C727D606}.DebugLocal|x86.ActiveCfg = Debug|Any CPU
		{D0B9E871-D396-4DF5-BC40-7F53C727D606}.DebugLocal|x86.Build.0 = Debug|Any CPU
		{D0B9E871-D396-4DF5-BC40-7F53C727D606}.Development|Any CPU.ActiveCfg = Debug|Any CPU
		{D0B9E871-D396-4DF5-BC40-7F53C727D606}.Development|Any CPU.Build.0 = Debug|Any CPU
		{D0B9E871-D396-4DF5-BC40-7F53C727D606}.Development|x64.ActiveCfg = Debug|Any CPU
		{D0B9E871-D396-4DF5-BC40-7F53C727D606}.Development|x64.Build.0 = Debug|Any CPU
		{D0B9E871-D396-4DF5-BC40-7F53C727D606}.Development|x86.ActiveCfg = Debug|Any CPU
		{D0B9E871-D396-4DF5-BC40-7F53C727D606}.Development|x86.Build.0 = Debug|Any CPU
		{D0B9E871-D396-4DF5-BC40-7F53C727D606}.Release|Any CPU.ActiveCfg = Release|Any CPU
		{D0B9E871-D396-4DF5-BC40-7F53C727D606}.Release|Any CPU.Build.0 = Release|Any CPU
		{D0B9E871-D396-4DF5-BC40-7F53C727D606}.Release|x64.ActiveCfg = Release|Any CPU
		{D0B9E871-D396-4DF5-BC40-7F53C727D606}.Release|x64.Build.0 = Release|Any CPU
		{D0B9E871-D396-4DF5-BC40-7F53C727D606}.Release|x86.ActiveCfg = Release|Any CPU
		{D0B9E871-D396-4DF5-BC40-7F53C727D606}.Release|x86.Build.0 = Release|Any CPU
		{5E196E82-969D-41CD-B9EB-A45235F3C583}.Debug|Any CPU.ActiveCfg = Debug|Any CPU
		{5E196E82-969D-41CD-B9EB-A45235F3C583}.Debug|x64.ActiveCfg = Debug|Any CPU
		{5E196E82-969D-41CD-B9EB-A45235F3C583}.Debug|x64.Build.0 = Debug|Any CPU
		{5E196E82-969D-41CD-B9EB-A45235F3C583}.Debug|x86.ActiveCfg = Debug|Any CPU
		{5E196E82-969D-41CD-B9EB-A45235F3C583}.Debug|x86.Build.0 = Debug|Any CPU
		{5E196E82-969D-41CD-B9EB-A45235F3C583}.DebugLocal|Any CPU.ActiveCfg = Debug|Any CPU
		{5E196E82-969D-41CD-B9EB-A45235F3C583}.DebugLocal|Any CPU.Build.0 = Debug|Any CPU
		{5E196E82-969D-41CD-B9EB-A45235F3C583}.DebugLocal|x64.ActiveCfg = Debug|Any CPU
		{5E196E82-969D-41CD-B9EB-A45235F3C583}.DebugLocal|x64.Build.0 = Debug|Any CPU
		{5E196E82-969D-41CD-B9EB-A45235F3C583}.DebugLocal|x86.ActiveCfg = Debug|Any CPU
		{5E196E82-969D-41CD-B9EB-A45235F3C583}.DebugLocal|x86.Build.0 = Debug|Any CPU
		{5E196E82-969D-41CD-B9EB-A45235F3C583}.Development|Any CPU.ActiveCfg = Debug|Any CPU
		{5E196E82-969D-41CD-B9EB-A45235F3C583}.Development|Any CPU.Build.0 = Debug|Any CPU
		{5E196E82-969D-41CD-B9EB-A45235F3C583}.Development|x64.ActiveCfg = Debug|Any CPU
		{5E196E82-969D-41CD-B9EB-A45235F3C583}.Development|x64.Build.0 = Debug|Any CPU
		{5E196E82-969D-41CD-B9EB-A45235F3C583}.Development|x86.ActiveCfg = Debug|Any CPU
		{5E196E82-969D-41CD-B9EB-A45235F3C583}.Development|x86.Build.0 = Debug|Any CPU
		{5E196E82-969D-41CD-B9EB-A45235F3C583}.Release|Any CPU.ActiveCfg = Release|Any CPU
		{5E196E82-969D-41CD-B9EB-A45235F3C583}.Release|Any CPU.Build.0 = Release|Any CPU
		{5E196E82-969D-41CD-B9EB-A45235F3C583}.Release|x64.ActiveCfg = Release|Any CPU
		{5E196E82-969D-41CD-B9EB-A45235F3C583}.Release|x64.Build.0 = Release|Any CPU
		{5E196E82-969D-41CD-B9EB-A45235F3C583}.Release|x86.ActiveCfg = Release|Any CPU
		{5E196E82-969D-41CD-B9EB-A45235F3C583}.Release|x86.Build.0 = Release|Any CPU
	EndGlobalSection
	GlobalSection(SolutionProperties) = preSolution
		HideSolutionNode = FALSE
	EndGlobalSection
	GlobalSection(NestedProjects) = preSolution
		{E1B80BDF-DF31-49F5-A36A-BD3DA993EC16} = {088926AF-4C18-41A0-956D-3EF8C78DC51B}
		{35FC46DB-C44A-4E6C-8D65-AB90DA768194} = {BFF5C1B4-60B5-4FF2-ACC3-FA966FFEA3DF}
		{BAB2D32B-0C2F-4848-A3F4-A78DB9E5691A} = {BFF5C1B4-60B5-4FF2-ACC3-FA966FFEA3DF}
		{D8A4885D-9A36-4724-B464-6CB122E081F7} = {BFF5C1B4-60B5-4FF2-ACC3-FA966FFEA3DF}
		{B25AF540-BFA8-4CCE-8219-3494116AE501} = {98D68667-B3A4-478E-9306-2712C9F20B80}
		{C4C193D1-A15A-4B1D-9AFF-727FCAD2971B} = {BFF5C1B4-60B5-4FF2-ACC3-FA966FFEA3DF}
		{9B1E7A5F-62FD-4460-B688-91D093484D77} = {D70412D6-13FF-49F7-83A1-A96C3F78F450}
		{22F41207-555C-438C-8384-F5161E642A7A} = {99C45FBB-D6D1-444D-8157-CC2EC7E4FB61}
		{9BCE75AB-985C-4AE1-9857-D617F8BA5E56} = {3A4FA744-BA81-4E53-A0F0-224ED0F740C0}
		{D2456833-EA91-450D-B038-6BE4B72EF784} = {0D8044EB-6091-4340-BF52-2A09948A016C}
		{F2D41EB8-BA35-45C7-8EEB-C2A1FBA9DA15} = {0D8044EB-6091-4340-BF52-2A09948A016C}
		{62F44E7A-2819-483D-A3E8-0118EF964894} = {0D8044EB-6091-4340-BF52-2A09948A016C}
		{8A42ADDD-8403-4381-9E68-5E106D1E62EE} = {0D8044EB-6091-4340-BF52-2A09948A016C}
		{4AEB5BD9-7B31-4476-BBDE-B6FBD691F448} = {52ABA16E-FB92-4059-92CF-7C74C213289B}
		{4159637A-E33C-481E-BA7C-8C6B37CE77CF} = {93ACE13F-B5BD-4D37-99CC-191FB32AE92A}
		{040467EA-09FB-4A57-BC4A-341E0109C4B0} = {93ACE13F-B5BD-4D37-99CC-191FB32AE92A}
		{F612FBDD-E4BA-4A12-B07B-00DD499CD4D0} = {93ACE13F-B5BD-4D37-99CC-191FB32AE92A}
		{4A2B21F7-ADBD-414E-AE13-F69396EC8991} = {93ACE13F-B5BD-4D37-99CC-191FB32AE92A}
		{D0B9E871-D396-4DF5-BC40-7F53C727D606} = {93ACE13F-B5BD-4D37-99CC-191FB32AE92A}
		{5E196E82-969D-41CD-B9EB-A45235F3C583} = {93ACE13F-B5BD-4D37-99CC-191FB32AE92A}
	EndGlobalSection
	GlobalSection(ExtensibilityGlobals) = postSolution
		SolutionGuid = {423F7337-0817-4241-977A-9F4A296F2596}
	EndGlobalSection
EndGlobal
