
Microsoft Visual Studio Solution File, Format Version 12.00
# Visual Studio 15
VisualStudioVersion = 15.0.27428.2037
MinimumVisualStudioVersion = 10.0.40219.1
Project("{FAE04EC0-301F-11D3-BF4B-00C04F79EFBC}") = "RightsU_Plus", "RightsU_Plus\RightsU_Plus.csproj", "{E1B80BDF-DF31-49F5-A36A-BD3DA993EC16}"
EndProject
Project("{FAE04EC0-301F-11D3-BF4B-00C04F79EFBC}") = "RightsU_BLL", "RightsU_BLL\RightsU_BLL.csproj", "{35FC46DB-C44A-4E6C-8D65-AB90DA768194}"
EndProject
Project("{2150E333-8FDC-42A3-9474-1A3956D46DE8}") = ".nuget", ".nuget", "{02CCF4A9-8741-4646-B51D-4D75856A5CB3}"
	ProjectSection(SolutionItems) = preProject
		.nuget\NuGet.Config = .nuget\NuGet.Config
		.nuget\NuGet.exe = .nuget\NuGet.exe
		.nuget\NuGet.targets = .nuget\NuGet.targets
	EndProjectSection
EndProject
Project("{FAE04EC0-301F-11D3-BF4B-00C04F79EFBC}") = "RightsU_DAL", "RightsU_DAL\RightsU_DAL.csproj", "{BAB2D32B-0C2F-4848-A3F4-A78DB9E5691A}"
EndProject
Project("{FAE04EC0-301F-11D3-BF4B-00C04F79EFBC}") = "RightsU_Entities", "RightsU_Entities\RightsU_Entities.csproj", "{D8A4885D-9A36-4724-B464-6CB122E081F7}"
EndProject
Project("{FAE04EC0-301F-11D3-BF4B-00C04F79EFBC}") = "RightsU_Framework", "RightsU_Framework\RightsU_Framework.csproj", "{B25AF540-BFA8-4CCE-8219-3494116AE501}"
EndProject
Project("{FAE04EC0-301F-11D3-BF4B-00C04F79EFBC}") = "RightsU_InterimDb", "RightsU_InterimDb\RightsU_InterimDb.csproj", "{C4C193D1-A15A-4B1D-9AFF-727FCAD2971B}"
EndProject
Project("{00D1A9C2-B5F0-4AF3-8072-F6C62B433612}") = "RightsU_DB", "RightsU_DB\RightsU_DB.sqlproj", "{B952F685-36BF-49A6-B5F1-E8EDFB703AF8}"
EndProject
Project("{F14B399A-7131-4C87-9E4B-1186C45EF12D}") = "RightsU_Plus_Reports", "RightsU_Plus_Reports\RightsU_Plus_Reports.rptproj", "{9B1E7A5F-62FD-4460-B688-91D093484D77}"
EndProject
Project("{159641D6-6404-4A2A-AE62-294DE0FE8301}") = "RightsU_Plus_SSIS", "RightsU_Plus_SSIS\RightsU_Plus_SSIS.dtproj", "{22F41207-555C-438C-8384-F5161E642A7A}"
EndProject
Project("{00D1A9C2-B5F0-4AF3-8072-F6C62B433612}") = "RightsU_DB_Movie", "RightsU_DB_Movie\RightsU_DB_Movie.sqlproj", "{C0A5377D-3361-4CF9-B201-6A8BF1AC8F9E}"
EndProject
Project("{00D1A9C2-B5F0-4AF3-8072-F6C62B433612}") = "RightsU_DB_Show", "RightsU_DB_Show\RightsU_DB_Show.sqlproj", "{057AC414-5B51-4594-A260-8590C6630CCE}"
EndProject
Project("{FAE04EC0-301F-11D3-BF4B-00C04F79EFBC}") = "RightsU_WebService", "RightsU_WebService\RightsU_WebService.csproj", "{9BCE75AB-985C-4AE1-9857-D617F8BA5E56}"
EndProject
Project("{FAE04EC0-301F-11D3-BF4B-00C04F79EFBC}") = "RightsUMQService", "MQMessengerService\RightsUMQService.csproj", "{D2456833-EA91-450D-B038-6BE4B72EF784}"
EndProject
Project("{FAE04EC0-301F-11D3-BF4B-00C04F79EFBC}") = "RightsUMQService_Customer", "RightsUMQService_Customer\RightsUMQService_Customer.csproj", "{F2D41EB8-BA35-45C7-8EEB-C2A1FBA9DA15}"
EndProject
Project("{00D1A9C2-B5F0-4AF3-8072-F6C62B433612}") = "RightsU_DB_SelfShow", "RightsU_DB_SelfShow\RightsU_DB_SelfShow.sqlproj", "{5A5475AF-C184-4F6C-ABD4-F4CED8D1640F}"
EndProject
Project("{FAE04EC0-301F-11D3-BF4B-00C04F79EFBC}") = "RightsU_SchedulerService", "RightsU_SchedulerService\RightsU_SchedulerService.csproj", "{62F44E7A-2819-483D-A3E8-0118EF964894}"
EndProject
Global
	GlobalSection(SolutionConfigurationPlatforms) = preSolution
		Debug|Any CPU = Debug|Any CPU
		Debug|x64 = Debug|x64
		Debug|x86 = Debug|x86
		DebugLocal|Any CPU = DebugLocal|Any CPU
		DebugLocal|x64 = DebugLocal|x64
		DebugLocal|x86 = DebugLocal|x86
		Development|Any CPU = Development|Any CPU
		Development|x64 = Development|x64
		Development|x86 = Development|x86
		Release|Any CPU = Release|Any CPU
		Release|x64 = Release|x64
		Release|x86 = Release|x86
	EndGlobalSection
	GlobalSection(ProjectConfigurationPlatforms) = postSolution
		{E1B80BDF-DF31-49F5-A36A-BD3DA993EC16}.Debug|Any CPU.ActiveCfg = Debug|Any CPU
		{E1B80BDF-DF31-49F5-A36A-BD3DA993EC16}.Debug|Any CPU.Build.0 = Debug|Any CPU
		{E1B80BDF-DF31-49F5-A36A-BD3DA993EC16}.Debug|x64.ActiveCfg = Debug|x64
		{E1B80BDF-DF31-49F5-A36A-BD3DA993EC16}.Debug|x64.Build.0 = Debug|x64
		{E1B80BDF-DF31-49F5-A36A-BD3DA993EC16}.Debug|x86.ActiveCfg = Debug|Any CPU
		{E1B80BDF-DF31-49F5-A36A-BD3DA993EC16}.Debug|x86.Build.0 = Debug|Any CPU
		{E1B80BDF-DF31-49F5-A36A-BD3DA993EC16}.DebugLocal|Any CPU.ActiveCfg = Debug|Any CPU
		{E1B80BDF-DF31-49F5-A36A-BD3DA993EC16}.DebugLocal|Any CPU.Build.0 = Debug|Any CPU
		{E1B80BDF-DF31-49F5-A36A-BD3DA993EC16}.DebugLocal|x64.ActiveCfg = Debug|x64
		{E1B80BDF-DF31-49F5-A36A-BD3DA993EC16}.DebugLocal|x64.Build.0 = Debug|x64
		{E1B80BDF-DF31-49F5-A36A-BD3DA993EC16}.DebugLocal|x86.ActiveCfg = Debug|x86
		{E1B80BDF-DF31-49F5-A36A-BD3DA993EC16}.DebugLocal|x86.Build.0 = Debug|x86
		{E1B80BDF-DF31-49F5-A36A-BD3DA993EC16}.Development|Any CPU.ActiveCfg = Debug|Any CPU
		{E1B80BDF-DF31-49F5-A36A-BD3DA993EC16}.Development|Any CPU.Build.0 = Debug|Any CPU
		{E1B80BDF-DF31-49F5-A36A-BD3DA993EC16}.Development|x64.ActiveCfg = Debug|x64
		{E1B80BDF-DF31-49F5-A36A-BD3DA993EC16}.Development|x64.Build.0 = Debug|x64
		{E1B80BDF-DF31-49F5-A36A-BD3DA993EC16}.Development|x86.ActiveCfg = Debug|x86
		{E1B80BDF-DF31-49F5-A36A-BD3DA993EC16}.Development|x86.Build.0 = Debug|x86
		{E1B80BDF-DF31-49F5-A36A-BD3DA993EC16}.Release|Any CPU.ActiveCfg = Debug|Any CPU
		{E1B80BDF-DF31-49F5-A36A-BD3DA993EC16}.Release|Any CPU.Build.0 = Debug|Any CPU
		{E1B80BDF-DF31-49F5-A36A-BD3DA993EC16}.Release|x64.ActiveCfg = Release|x64
		{E1B80BDF-DF31-49F5-A36A-BD3DA993EC16}.Release|x64.Build.0 = Release|x64
		{E1B80BDF-DF31-49F5-A36A-BD3DA993EC16}.Release|x86.ActiveCfg = Release|Any CPU
		{35FC46DB-C44A-4E6C-8D65-AB90DA768194}.Debug|Any CPU.ActiveCfg = Debug|Any CPU
		{35FC46DB-C44A-4E6C-8D65-AB90DA768194}.Debug|Any CPU.Build.0 = Debug|Any CPU
		{35FC46DB-C44A-4E6C-8D65-AB90DA768194}.Debug|x64.ActiveCfg = Debug|Any CPU
		{35FC46DB-C44A-4E6C-8D65-AB90DA768194}.Debug|x64.Build.0 = Debug|Any CPU
		{35FC46DB-C44A-4E6C-8D65-AB90DA768194}.Debug|x86.ActiveCfg = Debug|Any CPU
		{35FC46DB-C44A-4E6C-8D65-AB90DA768194}.Debug|x86.Build.0 = Debug|Any CPU
		{35FC46DB-C44A-4E6C-8D65-AB90DA768194}.DebugLocal|Any CPU.ActiveCfg = Debug|Any CPU
		{35FC46DB-C44A-4E6C-8D65-AB90DA768194}.DebugLocal|Any CPU.Build.0 = Debug|Any CPU
		{35FC46DB-C44A-4E6C-8D65-AB90DA768194}.DebugLocal|x64.ActiveCfg = Debug|Any CPU
		{35FC46DB-C44A-4E6C-8D65-AB90DA768194}.DebugLocal|x64.Build.0 = Debug|Any CPU
		{35FC46DB-C44A-4E6C-8D65-AB90DA768194}.DebugLocal|x86.ActiveCfg = Debug|Any CPU
		{35FC46DB-C44A-4E6C-8D65-AB90DA768194}.DebugLocal|x86.Build.0 = Debug|Any CPU
		{35FC46DB-C44A-4E6C-8D65-AB90DA768194}.Development|Any CPU.ActiveCfg = Debug|Any CPU
		{35FC46DB-C44A-4E6C-8D65-AB90DA768194}.Development|Any CPU.Build.0 = Debug|Any CPU
		{35FC46DB-C44A-4E6C-8D65-AB90DA768194}.Development|x64.ActiveCfg = Debug|Any CPU
		{35FC46DB-C44A-4E6C-8D65-AB90DA768194}.Development|x64.Build.0 = Debug|Any CPU
		{35FC46DB-C44A-4E6C-8D65-AB90DA768194}.Development|x86.ActiveCfg = Debug|Any CPU
		{35FC46DB-C44A-4E6C-8D65-AB90DA768194}.Release|Any CPU.ActiveCfg = Debug|Any CPU
		{35FC46DB-C44A-4E6C-8D65-AB90DA768194}.Release|Any CPU.Build.0 = Debug|Any CPU
		{35FC46DB-C44A-4E6C-8D65-AB90DA768194}.Release|x64.ActiveCfg = Release|Any CPU
		{35FC46DB-C44A-4E6C-8D65-AB90DA768194}.Release|x64.Build.0 = Release|Any CPU
		{35FC46DB-C44A-4E6C-8D65-AB90DA768194}.Release|x86.ActiveCfg = Release|Any CPU
		{BAB2D32B-0C2F-4848-A3F4-A78DB9E5691A}.Debug|Any CPU.ActiveCfg = Debug|Any CPU
		{BAB2D32B-0C2F-4848-A3F4-A78DB9E5691A}.Debug|Any CPU.Build.0 = Debug|Any CPU
		{BAB2D32B-0C2F-4848-A3F4-A78DB9E5691A}.Debug|x64.ActiveCfg = Debug|Any CPU
		{BAB2D32B-0C2F-4848-A3F4-A78DB9E5691A}.Debug|x64.Build.0 = Debug|Any CPU
		{BAB2D32B-0C2F-4848-A3F4-A78DB9E5691A}.Debug|x86.ActiveCfg = Debug|Any CPU
		{BAB2D32B-0C2F-4848-A3F4-A78DB9E5691A}.Debug|x86.Build.0 = Debug|Any CPU
		{BAB2D32B-0C2F-4848-A3F4-A78DB9E5691A}.DebugLocal|Any CPU.ActiveCfg = Debug|Any CPU
		{BAB2D32B-0C2F-4848-A3F4-A78DB9E5691A}.DebugLocal|Any CPU.Build.0 = Debug|Any CPU
		{BAB2D32B-0C2F-4848-A3F4-A78DB9E5691A}.DebugLocal|x64.ActiveCfg = Debug|Any CPU
		{BAB2D32B-0C2F-4848-A3F4-A78DB9E5691A}.DebugLocal|x64.Build.0 = Debug|Any CPU
		{BAB2D32B-0C2F-4848-A3F4-A78DB9E5691A}.DebugLocal|x86.ActiveCfg = Debug|Any CPU
		{BAB2D32B-0C2F-4848-A3F4-A78DB9E5691A}.DebugLocal|x86.Build.0 = Debug|Any CPU
		{BAB2D32B-0C2F-4848-A3F4-A78DB9E5691A}.Development|Any CPU.ActiveCfg = Debug|Any CPU
		{BAB2D32B-0C2F-4848-A3F4-A78DB9E5691A}.Development|Any CPU.Build.0 = Debug|Any CPU
		{BAB2D32B-0C2F-4848-A3F4-A78DB9E5691A}.Development|x64.ActiveCfg = Debug|Any CPU
		{BAB2D32B-0C2F-4848-A3F4-A78DB9E5691A}.Development|x64.Build.0 = Debug|Any CPU
		{BAB2D32B-0C2F-4848-A3F4-A78DB9E5691A}.Development|x86.ActiveCfg = Debug|Any CPU
		{BAB2D32B-0C2F-4848-A3F4-A78DB9E5691A}.Release|Any CPU.ActiveCfg = Debug|Any CPU
		{BAB2D32B-0C2F-4848-A3F4-A78DB9E5691A}.Release|Any CPU.Build.0 = Debug|Any CPU
		{BAB2D32B-0C2F-4848-A3F4-A78DB9E5691A}.Release|x64.ActiveCfg = Release|Any CPU
		{BAB2D32B-0C2F-4848-A3F4-A78DB9E5691A}.Release|x64.Build.0 = Release|Any CPU
		{BAB2D32B-0C2F-4848-A3F4-A78DB9E5691A}.Release|x86.ActiveCfg = Release|Any CPU
		{D8A4885D-9A36-4724-B464-6CB122E081F7}.Debug|Any CPU.ActiveCfg = Debug|Any CPU
		{D8A4885D-9A36-4724-B464-6CB122E081F7}.Debug|Any CPU.Build.0 = Debug|Any CPU
		{D8A4885D-9A36-4724-B464-6CB122E081F7}.Debug|x64.ActiveCfg = Debug|Any CPU
		{D8A4885D-9A36-4724-B464-6CB122E081F7}.Debug|x64.Build.0 = Debug|Any CPU
		{D8A4885D-9A36-4724-B464-6CB122E081F7}.Debug|x86.ActiveCfg = Debug|Any CPU
		{D8A4885D-9A36-4724-B464-6CB122E081F7}.Debug|x86.Build.0 = Debug|Any CPU
		{D8A4885D-9A36-4724-B464-6CB122E081F7}.DebugLocal|Any CPU.ActiveCfg = Debug|Any CPU
		{D8A4885D-9A36-4724-B464-6CB122E081F7}.DebugLocal|Any CPU.Build.0 = Debug|Any CPU
		{D8A4885D-9A36-4724-B464-6CB122E081F7}.DebugLocal|x64.ActiveCfg = Debug|Any CPU
		{D8A4885D-9A36-4724-B464-6CB122E081F7}.DebugLocal|x64.Build.0 = Debug|Any CPU
		{D8A4885D-9A36-4724-B464-6CB122E081F7}.DebugLocal|x86.ActiveCfg = Debug|Any CPU
		{D8A4885D-9A36-4724-B464-6CB122E081F7}.DebugLocal|x86.Build.0 = Debug|Any CPU
		{D8A4885D-9A36-4724-B464-6CB122E081F7}.Development|Any CPU.ActiveCfg = Debug|Any CPU
		{D8A4885D-9A36-4724-B464-6CB122E081F7}.Development|Any CPU.Build.0 = Debug|Any CPU
		{D8A4885D-9A36-4724-B464-6CB122E081F7}.Development|x64.ActiveCfg = Debug|Any CPU
		{D8A4885D-9A36-4724-B464-6CB122E081F7}.Development|x64.Build.0 = Debug|Any CPU
		{D8A4885D-9A36-4724-B464-6CB122E081F7}.Development|x86.ActiveCfg = Debug|Any CPU
		{D8A4885D-9A36-4724-B464-6CB122E081F7}.Release|Any CPU.ActiveCfg = Debug|Any CPU
		{D8A4885D-9A36-4724-B464-6CB122E081F7}.Release|Any CPU.Build.0 = Debug|Any CPU
		{D8A4885D-9A36-4724-B464-6CB122E081F7}.Release|x64.ActiveCfg = Release|Any CPU
		{D8A4885D-9A36-4724-B464-6CB122E081F7}.Release|x64.Build.0 = Release|Any CPU
		{D8A4885D-9A36-4724-B464-6CB122E081F7}.Release|x86.ActiveCfg = Release|Any CPU
		{B25AF540-BFA8-4CCE-8219-3494116AE501}.Debug|Any CPU.ActiveCfg = Debug|Any CPU
		{B25AF540-BFA8-4CCE-8219-3494116AE501}.Debug|Any CPU.Build.0 = Debug|Any CPU
		{B25AF540-BFA8-4CCE-8219-3494116AE501}.Debug|x64.ActiveCfg = Debug|Any CPU
		{B25AF540-BFA8-4CCE-8219-3494116AE501}.Debug|x64.Build.0 = Debug|Any CPU
		{B25AF540-BFA8-4CCE-8219-3494116AE501}.Debug|x86.ActiveCfg = Debug|x86
		{B25AF540-BFA8-4CCE-8219-3494116AE501}.Debug|x86.Build.0 = Debug|x86
		{B25AF540-BFA8-4CCE-8219-3494116AE501}.DebugLocal|Any CPU.ActiveCfg = Debug|Any CPU
		{B25AF540-BFA8-4CCE-8219-3494116AE501}.DebugLocal|Any CPU.Build.0 = Debug|Any CPU
		{B25AF540-BFA8-4CCE-8219-3494116AE501}.DebugLocal|x64.ActiveCfg = Debug|Any CPU
		{B25AF540-BFA8-4CCE-8219-3494116AE501}.DebugLocal|x64.Build.0 = Debug|Any CPU
		{B25AF540-BFA8-4CCE-8219-3494116AE501}.DebugLocal|x86.ActiveCfg = Debug|x86
		{B25AF540-BFA8-4CCE-8219-3494116AE501}.DebugLocal|x86.Build.0 = Debug|x86
		{B25AF540-BFA8-4CCE-8219-3494116AE501}.Development|Any CPU.ActiveCfg = Debug|Any CPU
		{B25AF540-BFA8-4CCE-8219-3494116AE501}.Development|Any CPU.Build.0 = Debug|Any CPU
		{B25AF540-BFA8-4CCE-8219-3494116AE501}.Development|x64.ActiveCfg = Debug|Any CPU
		{B25AF540-BFA8-4CCE-8219-3494116AE501}.Development|x64.Build.0 = Debug|Any CPU
		{B25AF540-BFA8-4CCE-8219-3494116AE501}.Development|x86.ActiveCfg = Debug|x86
		{B25AF540-BFA8-4CCE-8219-3494116AE501}.Development|x86.Build.0 = Debug|x86
		{B25AF540-BFA8-4CCE-8219-3494116AE501}.Release|Any CPU.ActiveCfg = Debug|Any CPU
		{B25AF540-BFA8-4CCE-8219-3494116AE501}.Release|Any CPU.Build.0 = Debug|Any CPU
		{B25AF540-BFA8-4CCE-8219-3494116AE501}.Release|x64.ActiveCfg = Release|Any CPU
		{B25AF540-BFA8-4CCE-8219-3494116AE501}.Release|x64.Build.0 = Release|Any CPU
		{B25AF540-BFA8-4CCE-8219-3494116AE501}.Release|x86.ActiveCfg = Release|x86
		{B25AF540-BFA8-4CCE-8219-3494116AE501}.Release|x86.Build.0 = Release|x86
		{C4C193D1-A15A-4B1D-9AFF-727FCAD2971B}.Debug|Any CPU.ActiveCfg = Debug|Any CPU
		{C4C193D1-A15A-4B1D-9AFF-727FCAD2971B}.Debug|x64.ActiveCfg = Debug|Any CPU
		{C4C193D1-A15A-4B1D-9AFF-727FCAD2971B}.Debug|x64.Build.0 = Debug|Any CPU
		{C4C193D1-A15A-4B1D-9AFF-727FCAD2971B}.Debug|x86.ActiveCfg = Debug|Any CPU
		{C4C193D1-A15A-4B1D-9AFF-727FCAD2971B}.DebugLocal|Any CPU.ActiveCfg = Debug|Any CPU
		{C4C193D1-A15A-4B1D-9AFF-727FCAD2971B}.DebugLocal|Any CPU.Build.0 = Debug|Any CPU
		{C4C193D1-A15A-4B1D-9AFF-727FCAD2971B}.DebugLocal|x64.ActiveCfg = Debug|Any CPU
		{C4C193D1-A15A-4B1D-9AFF-727FCAD2971B}.DebugLocal|x64.Build.0 = Debug|Any CPU
		{C4C193D1-A15A-4B1D-9AFF-727FCAD2971B}.DebugLocal|x86.ActiveCfg = Debug|Any CPU
		{C4C193D1-A15A-4B1D-9AFF-727FCAD2971B}.DebugLocal|x86.Build.0 = Debug|Any CPU
		{C4C193D1-A15A-4B1D-9AFF-727FCAD2971B}.Development|Any CPU.ActiveCfg = Debug|Any CPU
		{C4C193D1-A15A-4B1D-9AFF-727FCAD2971B}.Development|Any CPU.Build.0 = Debug|Any CPU
		{C4C193D1-A15A-4B1D-9AFF-727FCAD2971B}.Development|x64.ActiveCfg = Debug|Any CPU
		{C4C193D1-A15A-4B1D-9AFF-727FCAD2971B}.Development|x64.Build.0 = Debug|Any CPU
		{C4C193D1-A15A-4B1D-9AFF-727FCAD2971B}.Development|x86.ActiveCfg = Debug|Any CPU
		{C4C193D1-A15A-4B1D-9AFF-727FCAD2971B}.Release|Any CPU.ActiveCfg = Debug|Any CPU
		{C4C193D1-A15A-4B1D-9AFF-727FCAD2971B}.Release|x64.ActiveCfg = Release|Any CPU
		{C4C193D1-A15A-4B1D-9AFF-727FCAD2971B}.Release|x64.Build.0 = Release|Any CPU
		{C4C193D1-A15A-4B1D-9AFF-727FCAD2971B}.Release|x86.ActiveCfg = Release|Any CPU
		{B952F685-36BF-49A6-B5F1-E8EDFB703AF8}.Debug|Any CPU.ActiveCfg = Debug|Any CPU
		{B952F685-36BF-49A6-B5F1-E8EDFB703AF8}.Debug|x64.ActiveCfg = Debug|Any CPU
		{B952F685-36BF-49A6-B5F1-E8EDFB703AF8}.Debug|x64.Build.0 = Debug|Any CPU
		{B952F685-36BF-49A6-B5F1-E8EDFB703AF8}.Debug|x64.Deploy.0 = Debug|Any CPU
		{B952F685-36BF-49A6-B5F1-E8EDFB703AF8}.Debug|x86.ActiveCfg = Debug|Any CPU
		{B952F685-36BF-49A6-B5F1-E8EDFB703AF8}.DebugLocal|Any CPU.ActiveCfg = Debug|Any CPU
		{B952F685-36BF-49A6-B5F1-E8EDFB703AF8}.DebugLocal|Any CPU.Build.0 = Debug|Any CPU
		{B952F685-36BF-49A6-B5F1-E8EDFB703AF8}.DebugLocal|Any CPU.Deploy.0 = Debug|Any CPU
		{B952F685-36BF-49A6-B5F1-E8EDFB703AF8}.DebugLocal|x64.ActiveCfg = Debug|Any CPU
		{B952F685-36BF-49A6-B5F1-E8EDFB703AF8}.DebugLocal|x64.Build.0 = Debug|Any CPU
		{B952F685-36BF-49A6-B5F1-E8EDFB703AF8}.DebugLocal|x64.Deploy.0 = Debug|Any CPU
		{B952F685-36BF-49A6-B5F1-E8EDFB703AF8}.DebugLocal|x86.ActiveCfg = Debug|Any CPU
		{B952F685-36BF-49A6-B5F1-E8EDFB703AF8}.DebugLocal|x86.Build.0 = Debug|Any CPU
		{B952F685-36BF-49A6-B5F1-E8EDFB703AF8}.DebugLocal|x86.Deploy.0 = Debug|Any CPU
		{B952F685-36BF-49A6-B5F1-E8EDFB703AF8}.Development|Any CPU.ActiveCfg = Debug|Any CPU
		{B952F685-36BF-49A6-B5F1-E8EDFB703AF8}.Development|Any CPU.Build.0 = Debug|Any CPU
		{B952F685-36BF-49A6-B5F1-E8EDFB703AF8}.Development|Any CPU.Deploy.0 = Debug|Any CPU
		{B952F685-36BF-49A6-B5F1-E8EDFB703AF8}.Development|x64.ActiveCfg = Debug|Any CPU
		{B952F685-36BF-49A6-B5F1-E8EDFB703AF8}.Development|x64.Build.0 = Debug|Any CPU
		{B952F685-36BF-49A6-B5F1-E8EDFB703AF8}.Development|x64.Deploy.0 = Debug|Any CPU
		{B952F685-36BF-49A6-B5F1-E8EDFB703AF8}.Development|x86.ActiveCfg = Debug|Any CPU
		{B952F685-36BF-49A6-B5F1-E8EDFB703AF8}.Release|Any CPU.ActiveCfg = Debug|Any CPU
		{B952F685-36BF-49A6-B5F1-E8EDFB703AF8}.Release|x64.ActiveCfg = Release|Any CPU
		{B952F685-36BF-49A6-B5F1-E8EDFB703AF8}.Release|x64.Build.0 = Release|Any CPU
		{B952F685-36BF-49A6-B5F1-E8EDFB703AF8}.Release|x64.Deploy.0 = Release|Any CPU
		{B952F685-36BF-49A6-B5F1-E8EDFB703AF8}.Release|x86.ActiveCfg = Release|Any CPU
		{9B1E7A5F-62FD-4460-B688-91D093484D77}.Debug|Any CPU.ActiveCfg = Debug
		{9B1E7A5F-62FD-4460-B688-91D093484D77}.Debug|x64.ActiveCfg = Debug
		{9B1E7A5F-62FD-4460-B688-91D093484D77}.Debug|x64.Build.0 = Debug
		{9B1E7A5F-62FD-4460-B688-91D093484D77}.Debug|x64.Deploy.0 = Debug
		{9B1E7A5F-62FD-4460-B688-91D093484D77}.Debug|x86.ActiveCfg = Debug
		{9B1E7A5F-62FD-4460-B688-91D093484D77}.DebugLocal|Any CPU.ActiveCfg = DebugLocal
		{9B1E7A5F-62FD-4460-B688-91D093484D77}.DebugLocal|Any CPU.Build.0 = DebugLocal
		{9B1E7A5F-62FD-4460-B688-91D093484D77}.DebugLocal|x64.ActiveCfg = DebugLocal
		{9B1E7A5F-62FD-4460-B688-91D093484D77}.DebugLocal|x64.Build.0 = DebugLocal
		{9B1E7A5F-62FD-4460-B688-91D093484D77}.DebugLocal|x64.Deploy.0 = DebugLocal
		{9B1E7A5F-62FD-4460-B688-91D093484D77}.DebugLocal|x86.ActiveCfg = DebugLocal
		{9B1E7A5F-62FD-4460-B688-91D093484D77}.DebugLocal|x86.Build.0 = DebugLocal
		{9B1E7A5F-62FD-4460-B688-91D093484D77}.Development|Any CPU.ActiveCfg = DebugLocal
		{9B1E7A5F-62FD-4460-B688-91D093484D77}.Development|Any CPU.Build.0 = DebugLocal
		{9B1E7A5F-62FD-4460-B688-91D093484D77}.Development|x64.ActiveCfg = 
		{9B1E7A5F-62FD-4460-B688-91D093484D77}.Development|x64.Build.0 = 
		{9B1E7A5F-62FD-4460-B688-91D093484D77}.Development|x64.Deploy.0 = 
		{9B1E7A5F-62FD-4460-B688-91D093484D77}.Development|x86.ActiveCfg = DebugLocal
		{9B1E7A5F-62FD-4460-B688-91D093484D77}.Development|x86.Build.0 = DebugLocal
		{9B1E7A5F-62FD-4460-B688-91D093484D77}.Release|Any CPU.ActiveCfg = Debug
		{9B1E7A5F-62FD-4460-B688-91D093484D77}.Release|x64.ActiveCfg = Release
		{9B1E7A5F-62FD-4460-B688-91D093484D77}.Release|x64.Build.0 = Release
		{9B1E7A5F-62FD-4460-B688-91D093484D77}.Release|x64.Deploy.0 = Release
		{9B1E7A5F-62FD-4460-B688-91D093484D77}.Release|x86.ActiveCfg = Release
		{9B1E7A5F-62FD-4460-B688-91D093484D77}.Release|x86.Build.0 = Release
		{9B1E7A5F-62FD-4460-B688-91D093484D77}.Release|x86.Deploy.0 = Release
		{22F41207-555C-438C-8384-F5161E642A7A}.Debug|Any CPU.ActiveCfg = Development
		{22F41207-555C-438C-8384-F5161E642A7A}.Debug|x64.ActiveCfg = Development
		{22F41207-555C-438C-8384-F5161E642A7A}.Debug|x64.Build.0 = Development
		{22F41207-555C-438C-8384-F5161E642A7A}.Debug|x86.ActiveCfg = Development
		{22F41207-555C-438C-8384-F5161E642A7A}.DebugLocal|Any CPU.ActiveCfg = Development
		{22F41207-555C-438C-8384-F5161E642A7A}.DebugLocal|Any CPU.Build.0 = Development
		{22F41207-555C-438C-8384-F5161E642A7A}.DebugLocal|x64.ActiveCfg = Development
		{22F41207-555C-438C-8384-F5161E642A7A}.DebugLocal|x64.Build.0 = Development
		{22F41207-555C-438C-8384-F5161E642A7A}.DebugLocal|x86.ActiveCfg = Development
		{22F41207-555C-438C-8384-F5161E642A7A}.DebugLocal|x86.Build.0 = Development
		{22F41207-555C-438C-8384-F5161E642A7A}.Development|Any CPU.ActiveCfg = Development
		{22F41207-555C-438C-8384-F5161E642A7A}.Development|Any CPU.Build.0 = Development
		{22F41207-555C-438C-8384-F5161E642A7A}.Development|x64.ActiveCfg = Development
		{22F41207-555C-438C-8384-F5161E642A7A}.Development|x64.Build.0 = Development
		{22F41207-555C-438C-8384-F5161E642A7A}.Development|x86.ActiveCfg = Development
		{22F41207-555C-438C-8384-F5161E642A7A}.Development|x86.Build.0 = Development
		{22F41207-555C-438C-8384-F5161E642A7A}.Release|Any CPU.ActiveCfg = Development
		{22F41207-555C-438C-8384-F5161E642A7A}.Release|x64.ActiveCfg = Development
		{22F41207-555C-438C-8384-F5161E642A7A}.Release|x64.Build.0 = Development
		{22F41207-555C-438C-8384-F5161E642A7A}.Release|x86.ActiveCfg = Development
		{22F41207-555C-438C-8384-F5161E642A7A}.Release|x86.Build.0 = Development
		{C0A5377D-3361-4CF9-B201-6A8BF1AC8F9E}.Debug|Any CPU.ActiveCfg = Debug|Any CPU
		{C0A5377D-3361-4CF9-B201-6A8BF1AC8F9E}.Debug|x64.ActiveCfg = Debug|Any CPU
		{C0A5377D-3361-4CF9-B201-6A8BF1AC8F9E}.Debug|x64.Build.0 = Debug|Any CPU
		{C0A5377D-3361-4CF9-B201-6A8BF1AC8F9E}.Debug|x64.Deploy.0 = Debug|Any CPU
		{C0A5377D-3361-4CF9-B201-6A8BF1AC8F9E}.Debug|x86.ActiveCfg = Debug|Any CPU
		{C0A5377D-3361-4CF9-B201-6A8BF1AC8F9E}.Debug|x86.Build.0 = Debug|Any CPU
		{C0A5377D-3361-4CF9-B201-6A8BF1AC8F9E}.Debug|x86.Deploy.0 = Debug|Any CPU
		{C0A5377D-3361-4CF9-B201-6A8BF1AC8F9E}.DebugLocal|Any CPU.ActiveCfg = Debug|Any CPU
		{C0A5377D-3361-4CF9-B201-6A8BF1AC8F9E}.DebugLocal|Any CPU.Build.0 = Debug|Any CPU
		{C0A5377D-3361-4CF9-B201-6A8BF1AC8F9E}.DebugLocal|Any CPU.Deploy.0 = Debug|Any CPU
		{C0A5377D-3361-4CF9-B201-6A8BF1AC8F9E}.DebugLocal|x64.ActiveCfg = Debug|Any CPU
		{C0A5377D-3361-4CF9-B201-6A8BF1AC8F9E}.DebugLocal|x64.Build.0 = Debug|Any CPU
		{C0A5377D-3361-4CF9-B201-6A8BF1AC8F9E}.DebugLocal|x64.Deploy.0 = Debug|Any CPU
		{C0A5377D-3361-4CF9-B201-6A8BF1AC8F9E}.DebugLocal|x86.ActiveCfg = Debug|Any CPU
		{C0A5377D-3361-4CF9-B201-6A8BF1AC8F9E}.Development|Any CPU.ActiveCfg = Debug|Any CPU
		{C0A5377D-3361-4CF9-B201-6A8BF1AC8F9E}.Development|Any CPU.Build.0 = Debug|Any CPU
		{C0A5377D-3361-4CF9-B201-6A8BF1AC8F9E}.Development|Any CPU.Deploy.0 = Debug|Any CPU
		{C0A5377D-3361-4CF9-B201-6A8BF1AC8F9E}.Development|x64.ActiveCfg = Debug|Any CPU
		{C0A5377D-3361-4CF9-B201-6A8BF1AC8F9E}.Development|x64.Build.0 = Debug|Any CPU
		{C0A5377D-3361-4CF9-B201-6A8BF1AC8F9E}.Development|x64.Deploy.0 = Debug|Any CPU
		{C0A5377D-3361-4CF9-B201-6A8BF1AC8F9E}.Development|x86.ActiveCfg = Debug|Any CPU
		{C0A5377D-3361-4CF9-B201-6A8BF1AC8F9E}.Release|Any CPU.ActiveCfg = Debug|Any CPU
		{C0A5377D-3361-4CF9-B201-6A8BF1AC8F9E}.Release|x64.ActiveCfg = Release|Any CPU
		{C0A5377D-3361-4CF9-B201-6A8BF1AC8F9E}.Release|x64.Build.0 = Release|Any CPU
		{C0A5377D-3361-4CF9-B201-6A8BF1AC8F9E}.Release|x64.Deploy.0 = Release|Any CPU
		{C0A5377D-3361-4CF9-B201-6A8BF1AC8F9E}.Release|x86.ActiveCfg = Release|Any CPU
		{057AC414-5B51-4594-A260-8590C6630CCE}.Debug|Any CPU.ActiveCfg = Debug|Any CPU
		{057AC414-5B51-4594-A260-8590C6630CCE}.Debug|x64.ActiveCfg = Debug|Any CPU
		{057AC414-5B51-4594-A260-8590C6630CCE}.Debug|x64.Build.0 = Debug|Any CPU
		{057AC414-5B51-4594-A260-8590C6630CCE}.Debug|x64.Deploy.0 = Debug|Any CPU
		{057AC414-5B51-4594-A260-8590C6630CCE}.Debug|x86.ActiveCfg = Debug|Any CPU
		{057AC414-5B51-4594-A260-8590C6630CCE}.Debug|x86.Build.0 = Debug|Any CPU
		{057AC414-5B51-4594-A260-8590C6630CCE}.Debug|x86.Deploy.0 = Debug|Any CPU
		{057AC414-5B51-4594-A260-8590C6630CCE}.DebugLocal|Any CPU.ActiveCfg = Debug|Any CPU
		{057AC414-5B51-4594-A260-8590C6630CCE}.DebugLocal|Any CPU.Build.0 = Debug|Any CPU
		{057AC414-5B51-4594-A260-8590C6630CCE}.DebugLocal|Any CPU.Deploy.0 = Debug|Any CPU
		{057AC414-5B51-4594-A260-8590C6630CCE}.DebugLocal|x64.ActiveCfg = Debug|Any CPU
		{057AC414-5B51-4594-A260-8590C6630CCE}.DebugLocal|x64.Build.0 = Debug|Any CPU
		{057AC414-5B51-4594-A260-8590C6630CCE}.DebugLocal|x64.Deploy.0 = Debug|Any CPU
		{057AC414-5B51-4594-A260-8590C6630CCE}.DebugLocal|x86.ActiveCfg = Debug|Any CPU
		{057AC414-5B51-4594-A260-8590C6630CCE}.Development|Any CPU.ActiveCfg = Debug|Any CPU
		{057AC414-5B51-4594-A260-8590C6630CCE}.Development|Any CPU.Build.0 = Debug|Any CPU
		{057AC414-5B51-4594-A260-8590C6630CCE}.Development|Any CPU.Deploy.0 = Debug|Any CPU
		{057AC414-5B51-4594-A260-8590C6630CCE}.Development|x64.ActiveCfg = Debug|Any CPU
		{057AC414-5B51-4594-A260-8590C6630CCE}.Development|x64.Build.0 = Debug|Any CPU
		{057AC414-5B51-4594-A260-8590C6630CCE}.Development|x64.Deploy.0 = Debug|Any CPU
		{057AC414-5B51-4594-A260-8590C6630CCE}.Development|x86.ActiveCfg = Debug|Any CPU
		{057AC414-5B51-4594-A260-8590C6630CCE}.Release|Any CPU.ActiveCfg = Debug|Any CPU
		{057AC414-5B51-4594-A260-8590C6630CCE}.Release|x64.ActiveCfg = Release|Any CPU
		{057AC414-5B51-4594-A260-8590C6630CCE}.Release|x64.Build.0 = Release|Any CPU
		{057AC414-5B51-4594-A260-8590C6630CCE}.Release|x64.Deploy.0 = Release|Any CPU
		{057AC414-5B51-4594-A260-8590C6630CCE}.Release|x86.ActiveCfg = Release|Any CPU
		{9BCE75AB-985C-4AE1-9857-D617F8BA5E56}.Debug|Any CPU.ActiveCfg = Debug|Any CPU
		{9BCE75AB-985C-4AE1-9857-D617F8BA5E56}.Debug|x64.ActiveCfg = Debug|Any CPU
		{9BCE75AB-985C-4AE1-9857-D617F8BA5E56}.Debug|x64.Build.0 = Debug|Any CPU
		{9BCE75AB-985C-4AE1-9857-D617F8BA5E56}.Debug|x86.ActiveCfg = Debug|Any CPU
		{9BCE75AB-985C-4AE1-9857-D617F8BA5E56}.Debug|x86.Build.0 = Debug|Any CPU
		{9BCE75AB-985C-4AE1-9857-D617F8BA5E56}.DebugLocal|Any CPU.ActiveCfg = Debug|Any CPU
		{9BCE75AB-985C-4AE1-9857-D617F8BA5E56}.DebugLocal|Any CPU.Build.0 = Debug|Any CPU
		{9BCE75AB-985C-4AE1-9857-D617F8BA5E56}.DebugLocal|x64.ActiveCfg = Debug|Any CPU
		{9BCE75AB-985C-4AE1-9857-D617F8BA5E56}.DebugLocal|x64.Build.0 = Debug|Any CPU
		{9BCE75AB-985C-4AE1-9857-D617F8BA5E56}.DebugLocal|x86.ActiveCfg = Debug|Any CPU
		{9BCE75AB-985C-4AE1-9857-D617F8BA5E56}.DebugLocal|x86.Build.0 = Debug|Any CPU
		{9BCE75AB-985C-4AE1-9857-D617F8BA5E56}.Development|Any CPU.ActiveCfg = Debug|Any CPU
		{9BCE75AB-985C-4AE1-9857-D617F8BA5E56}.Development|Any CPU.Build.0 = Debug|Any CPU
		{9BCE75AB-985C-4AE1-9857-D617F8BA5E56}.Development|x64.ActiveCfg = Debug|Any CPU
		{9BCE75AB-985C-4AE1-9857-D617F8BA5E56}.Development|x64.Build.0 = Debug|Any CPU
		{9BCE75AB-985C-4AE1-9857-D617F8BA5E56}.Development|x86.ActiveCfg = Debug|Any CPU
		{9BCE75AB-985C-4AE1-9857-D617F8BA5E56}.Development|x86.Build.0 = Debug|Any CPU
		{9BCE75AB-985C-4AE1-9857-D617F8BA5E56}.Release|Any CPU.ActiveCfg = Debug|Any CPU
		{9BCE75AB-985C-4AE1-9857-D617F8BA5E56}.Release|x64.ActiveCfg = Release|Any CPU
		{9BCE75AB-985C-4AE1-9857-D617F8BA5E56}.Release|x64.Build.0 = Release|Any CPU
		{9BCE75AB-985C-4AE1-9857-D617F8BA5E56}.Release|x86.ActiveCfg = Release|Any CPU
		{9BCE75AB-985C-4AE1-9857-D617F8BA5E56}.Release|x86.Build.0 = Release|Any CPU
		{D2456833-EA91-450D-B038-6BE4B72EF784}.Debug|Any CPU.ActiveCfg = Debug|Any CPU
		{D2456833-EA91-450D-B038-6BE4B72EF784}.Debug|x64.ActiveCfg = Debug|Any CPU
		{D2456833-EA91-450D-B038-6BE4B72EF784}.Debug|x64.Build.0 = Debug|Any CPU
		{D2456833-EA91-450D-B038-6BE4B72EF784}.Debug|x86.ActiveCfg = Debug|Any CPU
		{D2456833-EA91-450D-B038-6BE4B72EF784}.Debug|x86.Build.0 = Debug|Any CPU
		{D2456833-EA91-450D-B038-6BE4B72EF784}.DebugLocal|Any CPU.ActiveCfg = Debug|Any CPU
		{D2456833-EA91-450D-B038-6BE4B72EF784}.DebugLocal|Any CPU.Build.0 = Debug|Any CPU
		{D2456833-EA91-450D-B038-6BE4B72EF784}.DebugLocal|x64.ActiveCfg = Debug|Any CPU
		{D2456833-EA91-450D-B038-6BE4B72EF784}.DebugLocal|x64.Build.0 = Debug|Any CPU
		{D2456833-EA91-450D-B038-6BE4B72EF784}.DebugLocal|x86.ActiveCfg = Debug|Any CPU
		{D2456833-EA91-450D-B038-6BE4B72EF784}.DebugLocal|x86.Build.0 = Debug|Any CPU
		{D2456833-EA91-450D-B038-6BE4B72EF784}.Development|Any CPU.ActiveCfg = Debug|Any CPU
		{D2456833-EA91-450D-B038-6BE4B72EF784}.Development|Any CPU.Build.0 = Debug|Any CPU
		{D2456833-EA91-450D-B038-6BE4B72EF784}.Development|x64.ActiveCfg = Debug|Any CPU
		{D2456833-EA91-450D-B038-6BE4B72EF784}.Development|x64.Build.0 = Debug|Any CPU
		{D2456833-EA91-450D-B038-6BE4B72EF784}.Development|x86.ActiveCfg = Debug|Any CPU
		{D2456833-EA91-450D-B038-6BE4B72EF784}.Development|x86.Build.0 = Debug|Any CPU
		{D2456833-EA91-450D-B038-6BE4B72EF784}.Release|Any CPU.ActiveCfg = Debug|Any CPU
		{D2456833-EA91-450D-B038-6BE4B72EF784}.Release|x64.ActiveCfg = Release|Any CPU
		{D2456833-EA91-450D-B038-6BE4B72EF784}.Release|x64.Build.0 = Release|Any CPU
		{D2456833-EA91-450D-B038-6BE4B72EF784}.Release|x86.ActiveCfg = Release|Any CPU
		{D2456833-EA91-450D-B038-6BE4B72EF784}.Release|x86.Build.0 = Release|Any CPU
		{F2D41EB8-BA35-45C7-8EEB-C2A1FBA9DA15}.Debug|Any CPU.ActiveCfg = Debug|Any CPU
		{F2D41EB8-BA35-45C7-8EEB-C2A1FBA9DA15}.Debug|Any CPU.Build.0 = Debug|Any CPU
		{F2D41EB8-BA35-45C7-8EEB-C2A1FBA9DA15}.Debug|x64.ActiveCfg = Debug|Any CPU
		{F2D41EB8-BA35-45C7-8EEB-C2A1FBA9DA15}.Debug|x64.Build.0 = Debug|Any CPU
		{F2D41EB8-BA35-45C7-8EEB-C2A1FBA9DA15}.Debug|x86.ActiveCfg = Debug|Any CPU
		{F2D41EB8-BA35-45C7-8EEB-C2A1FBA9DA15}.Debug|x86.Build.0 = Debug|Any CPU
		{F2D41EB8-BA35-45C7-8EEB-C2A1FBA9DA15}.DebugLocal|Any CPU.ActiveCfg = Debug|Any CPU
		{F2D41EB8-BA35-45C7-8EEB-C2A1FBA9DA15}.DebugLocal|Any CPU.Build.0 = Debug|Any CPU
		{F2D41EB8-BA35-45C7-8EEB-C2A1FBA9DA15}.DebugLocal|x64.ActiveCfg = Debug|Any CPU
		{F2D41EB8-BA35-45C7-8EEB-C2A1FBA9DA15}.DebugLocal|x64.Build.0 = Debug|Any CPU
		{F2D41EB8-BA35-45C7-8EEB-C2A1FBA9DA15}.DebugLocal|x86.ActiveCfg = Debug|Any CPU
		{F2D41EB8-BA35-45C7-8EEB-C2A1FBA9DA15}.DebugLocal|x86.Build.0 = Debug|Any CPU
		{F2D41EB8-BA35-45C7-8EEB-C2A1FBA9DA15}.Development|Any CPU.ActiveCfg = Debug|Any CPU
		{F2D41EB8-BA35-45C7-8EEB-C2A1FBA9DA15}.Development|Any CPU.Build.0 = Debug|Any CPU
		{F2D41EB8-BA35-45C7-8EEB-C2A1FBA9DA15}.Development|x64.ActiveCfg = Debug|Any CPU
		{F2D41EB8-BA35-45C7-8EEB-C2A1FBA9DA15}.Development|x64.Build.0 = Debug|Any CPU
		{F2D41EB8-BA35-45C7-8EEB-C2A1FBA9DA15}.Development|x86.ActiveCfg = Debug|Any CPU
		{F2D41EB8-BA35-45C7-8EEB-C2A1FBA9DA15}.Development|x86.Build.0 = Debug|Any CPU
		{F2D41EB8-BA35-45C7-8EEB-C2A1FBA9DA15}.Release|Any CPU.ActiveCfg = Release|Any CPU
		{F2D41EB8-BA35-45C7-8EEB-C2A1FBA9DA15}.Release|Any CPU.Build.0 = Release|Any CPU
		{F2D41EB8-BA35-45C7-8EEB-C2A1FBA9DA15}.Release|x64.ActiveCfg = Release|Any CPU
		{F2D41EB8-BA35-45C7-8EEB-C2A1FBA9DA15}.Release|x64.Build.0 = Release|Any CPU
		{F2D41EB8-BA35-45C7-8EEB-C2A1FBA9DA15}.Release|x86.ActiveCfg = Release|Any CPU
		{F2D41EB8-BA35-45C7-8EEB-C2A1FBA9DA15}.Release|x86.Build.0 = Release|Any CPU
		{5A5475AF-C184-4F6C-ABD4-F4CED8D1640F}.Debug|Any CPU.ActiveCfg = Debug|Any CPU
		{5A5475AF-C184-4F6C-ABD4-F4CED8D1640F}.Debug|Any CPU.Build.0 = Debug|Any CPU
		{5A5475AF-C184-4F6C-ABD4-F4CED8D1640F}.Debug|Any CPU.Deploy.0 = Debug|Any CPU
		{5A5475AF-C184-4F6C-ABD4-F4CED8D1640F}.Debug|x64.ActiveCfg = Debug|Any CPU
		{5A5475AF-C184-4F6C-ABD4-F4CED8D1640F}.Debug|x64.Build.0 = Debug|Any CPU
		{5A5475AF-C184-4F6C-ABD4-F4CED8D1640F}.Debug|x64.Deploy.0 = Debug|Any CPU
		{5A5475AF-C184-4F6C-ABD4-F4CED8D1640F}.Debug|x86.ActiveCfg = Debug|Any CPU
		{5A5475AF-C184-4F6C-ABD4-F4CED8D1640F}.Debug|x86.Build.0 = Debug|Any CPU
		{5A5475AF-C184-4F6C-ABD4-F4CED8D1640F}.Debug|x86.Deploy.0 = Debug|Any CPU
		{5A5475AF-C184-4F6C-ABD4-F4CED8D1640F}.DebugLocal|Any CPU.ActiveCfg = Debug|Any CPU
		{5A5475AF-C184-4F6C-ABD4-F4CED8D1640F}.DebugLocal|Any CPU.Build.0 = Debug|Any CPU
		{5A5475AF-C184-4F6C-ABD4-F4CED8D1640F}.DebugLocal|Any CPU.Deploy.0 = Debug|Any CPU
		{5A5475AF-C184-4F6C-ABD4-F4CED8D1640F}.DebugLocal|x64.ActiveCfg = Debug|Any CPU
		{5A5475AF-C184-4F6C-ABD4-F4CED8D1640F}.DebugLocal|x64.Build.0 = Debug|Any CPU
		{5A5475AF-C184-4F6C-ABD4-F4CED8D1640F}.DebugLocal|x64.Deploy.0 = Debug|Any CPU
		{5A5475AF-C184-4F6C-ABD4-F4CED8D1640F}.DebugLocal|x86.ActiveCfg = Debug|Any CPU
		{5A5475AF-C184-4F6C-ABD4-F4CED8D1640F}.DebugLocal|x86.Build.0 = Debug|Any CPU
		{5A5475AF-C184-4F6C-ABD4-F4CED8D1640F}.DebugLocal|x86.Deploy.0 = Debug|Any CPU
		{5A5475AF-C184-4F6C-ABD4-F4CED8D1640F}.Development|Any CPU.ActiveCfg = Debug|Any CPU
		{5A5475AF-C184-4F6C-ABD4-F4CED8D1640F}.Development|Any CPU.Build.0 = Debug|Any CPU
		{5A5475AF-C184-4F6C-ABD4-F4CED8D1640F}.Development|Any CPU.Deploy.0 = Debug|Any CPU
		{5A5475AF-C184-4F6C-ABD4-F4CED8D1640F}.Development|x64.ActiveCfg = Debug|Any CPU
		{5A5475AF-C184-4F6C-ABD4-F4CED8D1640F}.Development|x64.Build.0 = Debug|Any CPU
		{5A5475AF-C184-4F6C-ABD4-F4CED8D1640F}.Development|x64.Deploy.0 = Debug|Any CPU
		{5A5475AF-C184-4F6C-ABD4-F4CED8D1640F}.Development|x86.ActiveCfg = Debug|Any CPU
		{5A5475AF-C184-4F6C-ABD4-F4CED8D1640F}.Development|x86.Build.0 = Debug|Any CPU
		{5A5475AF-C184-4F6C-ABD4-F4CED8D1640F}.Development|x86.Deploy.0 = Debug|Any CPU
		{5A5475AF-C184-4F6C-ABD4-F4CED8D1640F}.Release|Any CPU.ActiveCfg = Release|Any CPU
		{5A5475AF-C184-4F6C-ABD4-F4CED8D1640F}.Release|Any CPU.Build.0 = Release|Any CPU
		{5A5475AF-C184-4F6C-ABD4-F4CED8D1640F}.Release|Any CPU.Deploy.0 = Release|Any CPU
		{5A5475AF-C184-4F6C-ABD4-F4CED8D1640F}.Release|x64.ActiveCfg = Release|Any CPU
		{5A5475AF-C184-4F6C-ABD4-F4CED8D1640F}.Release|x64.Build.0 = Release|Any CPU
		{5A5475AF-C184-4F6C-ABD4-F4CED8D1640F}.Release|x64.Deploy.0 = Release|Any CPU
		{5A5475AF-C184-4F6C-ABD4-F4CED8D1640F}.Release|x86.ActiveCfg = Release|Any CPU
		{5A5475AF-C184-4F6C-ABD4-F4CED8D1640F}.Release|x86.Build.0 = Release|Any CPU
		{5A5475AF-C184-4F6C-ABD4-F4CED8D1640F}.Release|x86.Deploy.0 = Release|Any CPU
		{62F44E7A-2819-483D-A3E8-0118EF964894}.Debug|Any CPU.ActiveCfg = Debug|Any CPU
		{62F44E7A-2819-483D-A3E8-0118EF964894}.Debug|Any CPU.Build.0 = Debug|Any CPU
		{62F44E7A-2819-483D-A3E8-0118EF964894}.Debug|x64.ActiveCfg = Debug|Any CPU
		{62F44E7A-2819-483D-A3E8-0118EF964894}.Debug|x64.Build.0 = Debug|Any CPU
		{62F44E7A-2819-483D-A3E8-0118EF964894}.Debug|x86.ActiveCfg = Debug|Any CPU
		{62F44E7A-2819-483D-A3E8-0118EF964894}.Debug|x86.Build.0 = Debug|Any CPU
		{62F44E7A-2819-483D-A3E8-0118EF964894}.DebugLocal|Any CPU.ActiveCfg = Debug|Any CPU
		{62F44E7A-2819-483D-A3E8-0118EF964894}.DebugLocal|Any CPU.Build.0 = Debug|Any CPU
		{62F44E7A-2819-483D-A3E8-0118EF964894}.DebugLocal|x64.ActiveCfg = Debug|Any CPU
		{62F44E7A-2819-483D-A3E8-0118EF964894}.DebugLocal|x64.Build.0 = Debug|Any CPU
		{62F44E7A-2819-483D-A3E8-0118EF964894}.DebugLocal|x86.ActiveCfg = Debug|Any CPU
		{62F44E7A-2819-483D-A3E8-0118EF964894}.DebugLocal|x86.Build.0 = Debug|Any CPU
		{62F44E7A-2819-483D-A3E8-0118EF964894}.Development|Any CPU.ActiveCfg = Debug|Any CPU
		{62F44E7A-2819-483D-A3E8-0118EF964894}.Development|Any CPU.Build.0 = Debug|Any CPU
		{62F44E7A-2819-483D-A3E8-0118EF964894}.Development|x64.ActiveCfg = Debug|Any CPU
		{62F44E7A-2819-483D-A3E8-0118EF964894}.Development|x64.Build.0 = Debug|Any CPU
		{62F44E7A-2819-483D-A3E8-0118EF964894}.Development|x86.ActiveCfg = Debug|Any CPU
		{62F44E7A-2819-483D-A3E8-0118EF964894}.Development|x86.Build.0 = Debug|Any CPU
		{62F44E7A-2819-483D-A3E8-0118EF964894}.Release|Any CPU.ActiveCfg = Release|Any CPU
		{62F44E7A-2819-483D-A3E8-0118EF964894}.Release|Any CPU.Build.0 = Release|Any CPU
		{62F44E7A-2819-483D-A3E8-0118EF964894}.Release|x64.ActiveCfg = Release|Any CPU
		{62F44E7A-2819-483D-A3E8-0118EF964894}.Release|x64.Build.0 = Release|Any CPU
		{62F44E7A-2819-483D-A3E8-0118EF964894}.Release|x86.ActiveCfg = Release|Any CPU
		{62F44E7A-2819-483D-A3E8-0118EF964894}.Release|x86.Build.0 = Release|Any CPU
	EndGlobalSection
	GlobalSection(SolutionProperties) = preSolution
		HideSolutionNode = FALSE
	EndGlobalSection
	GlobalSection(ExtensibilityGlobals) = postSolution
		SolutionGuid = {423F7337-0817-4241-977A-9F4A296F2596}
	EndGlobalSection
	GlobalSection(TeamFoundationVersionControl) = preSolution
		SccNumberOfProjects = 17
		SccEnterpriseProvider = {4CA58AB2-18FA-4F8D-95D4-32DDF27D184C}
		SccTeamFoundationServer = http://192.168.0.117:8080/tfs/vs_2012
		SccLocalPath0 = .
		SccProjectUniqueName1 = RightsU_Plus\\RightsU_Plus.csproj
		SccProjectName1 = RightsU_Plus
		SccLocalPath1 = RightsU_Plus
		SccProjectUniqueName2 = RightsU_BLL\\RightsU_BLL.csproj
		SccProjectName2 = RightsU_BLL
		SccLocalPath2 = RightsU_BLL
		SccProjectUniqueName3 = RightsU_DAL\\RightsU_DAL.csproj
		SccProjectName3 = RightsU_DAL
		SccLocalPath3 = RightsU_DAL
		SccProjectUniqueName4 = RightsU_Entities\\RightsU_Entities.csproj
		SccProjectName4 = RightsU_Entities
		SccLocalPath4 = RightsU_Entities
		SccProjectUniqueName5 = RightsU_Framework\\RightsU_Framework.csproj
		SccProjectName5 = RightsU_Framework
		SccLocalPath5 = RightsU_Framework
		SccProjectUniqueName6 = RightsU_InterimDb\\RightsU_InterimDb.csproj
		SccProjectName6 = RightsU_InterimDb
		SccLocalPath6 = RightsU_InterimDb
		SccProjectUniqueName7 = RightsU_DB\\RightsU_DB.sqlproj
		SccProjectName7 = RightsU_DB
		SccLocalPath7 = RightsU_DB
		SccProjectUniqueName8 = RightsU_Plus_Reports\\RightsU_Plus_Reports.rptproj
		SccProjectName8 = RightsU_Plus_Reports
		SccLocalPath8 = RightsU_Plus_Reports
		SccProjectUniqueName9 = RightsU_Plus_SSIS\\RightsU_Plus_SSIS.dtproj
		SccProjectName9 = RightsU_Plus_SSIS
		SccLocalPath9 = RightsU_Plus_SSIS
		SccProjectUniqueName10 = RightsU_DB_Movie\\RightsU_DB_Movie.sqlproj
		SccProjectName10 = RightsU_DB_Movie
		SccLocalPath10 = RightsU_DB_Movie
		SccProjectUniqueName11 = RightsU_DB_Show\\RightsU_DB_Show.sqlproj
		SccProjectName11 = RightsU_DB_Show
		SccLocalPath11 = RightsU_DB_Show
		SccProjectUniqueName12 = RightsU_WebService\\RightsU_WebService.csproj
		SccProjectName12 = RightsU_WebService
		SccLocalPath12 = RightsU_WebService
		SccProjectUniqueName13 = MQMessengerService\\RightsUMQService.csproj
		SccProjectName13 = MQMessengerService
		SccLocalPath13 = MQMessengerService
		SccProjectUniqueName14 = RightsUMQService_Customer\\RightsUMQService_Customer.csproj
		SccProjectName14 = RightsUMQService_Customer
		SccLocalPath14 = RightsUMQService_Customer
		SccProjectUniqueName15 = RightsU_DB_SelfShow\\RightsU_DB_SelfShow.sqlproj
		SccProjectName15 = RightsU_DB_SelfShow
		SccLocalPath15 = RightsU_DB_SelfShow
		SccProjectUniqueName16 = RightsU_SchedulerService\\RightsU_SchedulerService.csproj
		SccProjectName16 = RightsU_SchedulerService
		SccLocalPath16 = RightsU_SchedulerService
	EndGlobalSection
EndGlobal
