
Microsoft Visual Studio Solution File, Format Version 12.00
# Visual Studio 15
VisualStudioVersion = 15.0.28307.1401
MinimumVisualStudioVersion = 10.0.40219.1
Project("{FAE04EC0-301F-11D3-BF4B-00C04F79EFBC}") = "UTO_Notification.API", "UTO_Notification\UTO_Notification.API.csproj", "{B984BA9B-0244-427A-9D0C-ACDC427FF2D2}"
EndProject
Project("{FAE04EC0-301F-11D3-BF4B-00C04F79EFBC}") = "UTO_Notification.DAL", "UTO_Notification.DAL\UTO_Notification.DAL.csproj", "{587153E7-2B0D-4401-8B00-C3224B319709}"
EndProject
Project("{FAE04EC0-301F-11D3-BF4B-00C04F79EFBC}") = "UTO_Notification.BLL", "UTO_Notification.BLL\UTO_Notification.BLL.csproj", "{1284D04F-F0BF-4FE3-A7EA-2D3FB0E5E842}"
EndProject
Project("{FAE04EC0-301F-11D3-BF4B-00C04F79EFBC}") = "EntityDataModel", "EntityDataModel\EntityDataModel.csproj", "{5D21567B-6797-4982-99DC-E1440CC4C8CD}"
EndProject
Project("{FAE04EC0-301F-11D3-BF4B-00C04F79EFBC}") = "UTO_Notification.Entities", "UTO_Notification.Entities\UTO_Notification.Entities.csproj", "{A310FBBC-6FBC-4AB4-92E0-F4916272F8F4}"
EndProject
Project("{FAE04EC0-301F-11D3-BF4B-00C04F79EFBC}") = "SendNotificationService", "SendNotificationService\SendNotificationService.csproj", "{F637B34C-C789-4B04-B3C3-6CB3334BCDFD}"
EndProject
Project("{FAE04EC0-301F-11D3-BF4B-00C04F79EFBC}") = "NotificationApp", "NotificationApp\NotificationApp.csproj", "{260D4A2B-3EF6-4960-965E-AEAC504E5CF8}"
EndProject
Global
	GlobalSection(SolutionConfigurationPlatforms) = preSolution
		Debug|Any CPU = Debug|Any CPU
		Release|Any CPU = Release|Any CPU
	EndGlobalSection
	GlobalSection(ProjectConfigurationPlatforms) = postSolution
		{B984BA9B-0244-427A-9D0C-ACDC427FF2D2}.Debug|Any CPU.ActiveCfg = Debug|Any CPU
		{B984BA9B-0244-427A-9D0C-ACDC427FF2D2}.Debug|Any CPU.Build.0 = Debug|Any CPU
		{B984BA9B-0244-427A-9D0C-ACDC427FF2D2}.Release|Any CPU.ActiveCfg = Release|Any CPU
		{B984BA9B-0244-427A-9D0C-ACDC427FF2D2}.Release|Any CPU.Build.0 = Release|Any CPU
		{587153E7-2B0D-4401-8B00-C3224B319709}.Debug|Any CPU.ActiveCfg = Debug|Any CPU
		{587153E7-2B0D-4401-8B00-C3224B319709}.Debug|Any CPU.Build.0 = Debug|Any CPU
		{587153E7-2B0D-4401-8B00-C3224B319709}.Release|Any CPU.ActiveCfg = Release|Any CPU
		{587153E7-2B0D-4401-8B00-C3224B319709}.Release|Any CPU.Build.0 = Release|Any CPU
		{1284D04F-F0BF-4FE3-A7EA-2D3FB0E5E842}.Debug|Any CPU.ActiveCfg = Debug|Any CPU
		{1284D04F-F0BF-4FE3-A7EA-2D3FB0E5E842}.Debug|Any CPU.Build.0 = Debug|Any CPU
		{1284D04F-F0BF-4FE3-A7EA-2D3FB0E5E842}.Release|Any CPU.ActiveCfg = Release|Any CPU
		{1284D04F-F0BF-4FE3-A7EA-2D3FB0E5E842}.Release|Any CPU.Build.0 = Release|Any CPU
		{5D21567B-6797-4982-99DC-E1440CC4C8CD}.Debug|Any CPU.ActiveCfg = Debug|Any CPU
		{5D21567B-6797-4982-99DC-E1440CC4C8CD}.Debug|Any CPU.Build.0 = Debug|Any CPU
		{5D21567B-6797-4982-99DC-E1440CC4C8CD}.Release|Any CPU.ActiveCfg = Release|Any CPU
		{5D21567B-6797-4982-99DC-E1440CC4C8CD}.Release|Any CPU.Build.0 = Release|Any CPU
		{A310FBBC-6FBC-4AB4-92E0-F4916272F8F4}.Debug|Any CPU.ActiveCfg = Debug|Any CPU
		{A310FBBC-6FBC-4AB4-92E0-F4916272F8F4}.Debug|Any CPU.Build.0 = Debug|Any CPU
		{A310FBBC-6FBC-4AB4-92E0-F4916272F8F4}.Release|Any CPU.ActiveCfg = Release|Any CPU
		{A310FBBC-6FBC-4AB4-92E0-F4916272F8F4}.Release|Any CPU.Build.0 = Release|Any CPU
		{F637B34C-C789-4B04-B3C3-6CB3334BCDFD}.Debug|Any CPU.ActiveCfg = Debug|Any CPU
		{F637B34C-C789-4B04-B3C3-6CB3334BCDFD}.Release|Any CPU.ActiveCfg = Release|Any CPU
		{F637B34C-C789-4B04-B3C3-6CB3334BCDFD}.Release|Any CPU.Build.0 = Release|Any CPU
		{260D4A2B-3EF6-4960-965E-AEAC504E5CF8}.Debug|Any CPU.ActiveCfg = Debug|Any CPU
		{260D4A2B-3EF6-4960-965E-AEAC504E5CF8}.Debug|Any CPU.Build.0 = Debug|Any CPU
		{260D4A2B-3EF6-4960-965E-AEAC504E5CF8}.Release|Any CPU.ActiveCfg = Release|Any CPU
		{260D4A2B-3EF6-4960-965E-AEAC504E5CF8}.Release|Any CPU.Build.0 = Release|Any CPU
	EndGlobalSection
	GlobalSection(SolutionProperties) = preSolution
		HideSolutionNode = FALSE
	EndGlobalSection
	GlobalSection(ExtensibilityGlobals) = postSolution
		SolutionGuid = {58871606-053D-477C-88A4-AF5B5B3CF6EA}
	EndGlobalSection
EndGlobal
